// !$*UTF8*$!
{
	archiveVersion = 1;
	classes = {
	};
	objectVersion = 46;
	objects = {

/* Begin PBXBuildFile section */
		C002E1F21CB334B1008E78A1 /* IATextRange.swift in Sources */ = {isa = PBXBuildFile; fileRef = C002E1F11CB334B1008E78A1 /* IATextRange.swift */; };
		C0095D921C65328A00D37A75 /* IAAccessoryInterface.swift in Sources */ = {isa = PBXBuildFile; fileRef = C0095D911C65328A00D37A75 /* IAAccessoryInterface.swift */; };
		C00E94791C5BF94000551D39 /* AttachmentArray.swift in Sources */ = {isa = PBXBuildFile; fileRef = C00E94781C5BF94000551D39 /* AttachmentArray.swift */; };
		C014A4831CA325FC00D6312C /* String+Extensions.swift in Sources */ = {isa = PBXBuildFile; fileRef = C014A4821CA325FC00D6312C /* String+Extensions.swift */; };
		C014A4851CA3265600D6312C /* Range+Extensions.swift in Sources */ = {isa = PBXBuildFile; fileRef = C014A4841CA3265600D6312C /* Range+Extensions.swift */; };
		C01839F41C614B270009316E /* IAStringPrinting.swift in Sources */ = {isa = PBXBuildFile; fileRef = C01839F31C614B270009316E /* IAStringPrinting.swift */; };
		C01839F61C615FDE0009316E /* IAStringEditing.swift in Sources */ = {isa = PBXBuildFile; fileRef = C01839F51C615FDE0009316E /* IAStringEditing.swift */; };
		C01BDA9D1C571926004CF045 /* CollapsingArray.swift in Sources */ = {isa = PBXBuildFile; fileRef = C01BDA9C1C571926004CF045 /* CollapsingArray.swift */; };
		C01BDAA01C571954004CF045 /* RangeValuePair.swift in Sources */ = {isa = PBXBuildFile; fileRef = C01BDA9F1C571954004CF045 /* RangeValuePair.swift */; };
		C01BDAA21C57F170004CF045 /* IABaseAttributes.swift in Sources */ = {isa = PBXBuildFile; fileRef = C01BDAA11C57F170004CF045 /* IABaseAttributes.swift */; };
		C01E0F481D4BD5FB00C5471B /* IAKitVisualPreferences.swift in Sources */ = {isa = PBXBuildFile; fileRef = C01E0F471D4BD5FB00C5471B /* IAKitVisualPreferences.swift */; };
		C01E0F4D1D53D47C00C5471B /* IATextContainer.swift in Sources */ = {isa = PBXBuildFile; fileRef = C01E0F4C1D53D47C00C5471B /* IATextContainer.swift */; };
		C01E0F4F1D53E48400C5471B /* TouchInterpreters-Smoothable.swift in Sources */ = {isa = PBXBuildFile; fileRef = C01E0F4E1D53E48400C5471B /* TouchInterpreters-Smoothable.swift */; };
		C01E0F511D53E50800C5471B /* IATouchInterpreter.swift in Sources */ = {isa = PBXBuildFile; fileRef = C01E0F501D53E50800C5471B /* IATouchInterpreter.swift */; };
		C01FFFA41CC6A7E900AFD366 /* IACompositeTextEditor.swift in Sources */ = {isa = PBXBuildFile; fileRef = C01FFFA31CC6A7E900AFD366 /* IACompositeTextEditor.swift */; };
		C01FFFA61CC6A97400AFD366 /* IACompositeBase.swift in Sources */ = {isa = PBXBuildFile; fileRef = C01FFFA51CC6A97400AFD366 /* IACompositeBase.swift */; };
		C01FFFAC1CC6B1C400AFD366 /* IACTE+IAKeyboardPresenting.swift in Sources */ = {isa = PBXBuildFile; fileRef = C01FFFAB1CC6B1C400AFD366 /* IACTE+IAKeyboardPresenting.swift */; };
		C01FFFAE1CC6B38900AFD366 /* IACTE+UITextInput.swift in Sources */ = {isa = PBXBuildFile; fileRef = C01FFFAD1CC6B38900AFD366 /* IACTE+UITextInput.swift */; };
		C0304B181D6D0E8F00E5FD73 /* IntensityAttributingKit.framework in Frameworks */ = {isa = PBXBuildFile; fileRef = C031CBC61BDB094800521393 /* IntensityAttributingKit.framework */; };
		C0304B191D6D0E8F00E5FD73 /* IntensityAttributingKit.framework in Embed Frameworks */ = {isa = PBXBuildFile; fileRef = C031CBC61BDB094800521393 /* IntensityAttributingKit.framework */; settings = {ATTRIBUTES = (CodeSignOnCopy, RemoveHeadersOnCopy, ); }; };
		C031CBCA1BDB094800521393 /* IntensityAttributingKit.h in Headers */ = {isa = PBXBuildFile; fileRef = C031CBC91BDB094800521393 /* IntensityAttributingKit.h */; settings = {ATTRIBUTES = (Public, ); }; };
		C031CBD11BDB094800521393 /* IntensityAttributingKit.framework in Frameworks */ = {isa = PBXBuildFile; fileRef = C031CBC61BDB094800521393 /* IntensityAttributingKit.framework */; };
		C031CBD61BDB094800521393 /* IntensityAttributingKitTests.swift in Sources */ = {isa = PBXBuildFile; fileRef = C031CBD51BDB094800521393 /* IntensityAttributingKitTests.swift */; };
		C031CBE91BDB097600521393 /* IntensityTransformers.swift in Sources */ = {isa = PBXBuildFile; fileRef = C031CBE31BDB097600521393 /* IntensityTransformers.swift */; };
		C031CBEA1BDB097600521393 /* IntensityTransformingProtocol.swift in Sources */ = {isa = PBXBuildFile; fileRef = C031CBE41BDB097600521393 /* IntensityTransformingProtocol.swift */; };
		C031CBEB1BDB097600521393 /* Globals+Operators.swift in Sources */ = {isa = PBXBuildFile; fileRef = C031CBE51BDB097600521393 /* Globals+Operators.swift */; };
		C031CBEE1BDB09FD00521393 /* IAStringDemoTests.swift in Sources */ = {isa = PBXBuildFile; fileRef = C031CBED1BDB09FD00521393 /* IAStringDemoTests.swift */; };
		C031CBFE1BDD8DA700521393 /* README.md in Resources */ = {isa = PBXBuildFile; fileRef = C031CBFD1BDD8DA700521393 /* README.md */; };
		C031CC061BDD948700521393 /* IAKeyboard.swift in Sources */ = {isa = PBXBuildFile; fileRef = C031CC051BDD948700521393 /* IAKeyboard.swift */; };
		C0326E231CF27C2700E6161F /* IAImageLayerView.swift in Sources */ = {isa = PBXBuildFile; fileRef = C0326E221CF27C2700E6161F /* IAImageLayerView.swift */; };
		C038B3EA1C69310400069F9C /* ExpandingKeyControl.swift in Sources */ = {isa = PBXBuildFile; fileRef = C038B3E91C69310400069F9C /* ExpandingKeyControl.swift */; };
		C038B3EC1C69311200069F9C /* ExpandingKeyBase.swift in Sources */ = {isa = PBXBuildFile; fileRef = C038B3EB1C69311200069F9C /* ExpandingKeyBase.swift */; };
		C03B97871E9420D8005127A5 /* EmbeddableStackView.swift in Sources */ = {isa = PBXBuildFile; fileRef = C03B97861E9420D8005127A5 /* EmbeddableStackView.swift */; };
		C040C5081C0E4283007C1685 /* IAKitPreferences.swift in Sources */ = {isa = PBXBuildFile; fileRef = C040C5071C0E4283007C1685 /* IAKitPreferences.swift */; };
		C045339E1CA4794600B374D0 /* LabeledStepperAdjusterCell.swift in Sources */ = {isa = PBXBuildFile; fileRef = C045339D1CA4794600B374D0 /* LabeledStepperAdjusterCell.swift */; };
		C04533A01CA47BB200B374D0 /* SmootherOverrideAdjusterCell.swift in Sources */ = {isa = PBXBuildFile; fileRef = C045339F1CA47BB200B374D0 /* SmootherOverrideAdjusterCell.swift */; };
		C04533A21CA481F000B374D0 /* RenderOverrideAdjusterCell.swift in Sources */ = {isa = PBXBuildFile; fileRef = C04533A11CA481F000B374D0 /* RenderOverrideAdjusterCell.swift */; };
		C04533AB1CA5CD6500B374D0 /* AlphaIntensityScheme.swift in Sources */ = {isa = PBXBuildFile; fileRef = C04533AA1CA5CD6500B374D0 /* AlphaIntensityScheme.swift */; };
		C04533B21CAAF2FC00B374D0 /* IACompositeTextView.swift in Sources */ = {isa = PBXBuildFile; fileRef = C04533B11CAAF2FC00B374D0 /* IACompositeTextView.swift */; };
		C0479E641CBED6D10032A5C6 /* ThinTextView.swift in Sources */ = {isa = PBXBuildFile; fileRef = C0479E631CBED6D10032A5C6 /* ThinTextView.swift */; };
		C0479E661CC01E130032A5C6 /* IASelectionView.swift in Sources */ = {isa = PBXBuildFile; fileRef = C0479E651CC01E130032A5C6 /* IASelectionView.swift */; };
		C0479E681CC02CA50032A5C6 /* IACompositeTextView+Animations.swift in Sources */ = {isa = PBXBuildFile; fileRef = C0479E671CC02CA50032A5C6 /* IACompositeTextView+Animations.swift */; };
		C054632C1C9C969600652AC0 /* SuggestionBarView.swift in Sources */ = {isa = PBXBuildFile; fileRef = C054632B1C9C969600652AC0 /* SuggestionBarView.swift */; };
		C054D99E1C3DAB9100D852DE /* IATextAttachment.swift in Sources */ = {isa = PBXBuildFile; fileRef = C054D99D1C3DAB9100D852DE /* IATextAttachment.swift */; };
		C06079F81D5BC2FA0027A72F /* AppDelegate.swift in Sources */ = {isa = PBXBuildFile; fileRef = C06079F71D5BC2FA0027A72F /* AppDelegate.swift */; };
		C06079FA1D5BC2FA0027A72F /* ViewController.swift in Sources */ = {isa = PBXBuildFile; fileRef = C06079F91D5BC2FA0027A72F /* ViewController.swift */; };
		C06079FF1D5BC2FA0027A72F /* Assets.xcassets in Resources */ = {isa = PBXBuildFile; fileRef = C06079FE1D5BC2FA0027A72F /* Assets.xcassets */; };
		C0607A021D5BC2FA0027A72F /* LaunchScreen.storyboard in Resources */ = {isa = PBXBuildFile; fileRef = C0607A001D5BC2FA0027A72F /* LaunchScreen.storyboard */; };
		C0607A0D1D5BC4B30027A72F /* MessageCell.swift in Sources */ = {isa = PBXBuildFile; fileRef = C0607A081D5BC4B30027A72F /* MessageCell.swift */; };
		C0607A0F1D5BC4B30027A72F /* MessageThreadTableVC.swift in Sources */ = {isa = PBXBuildFile; fileRef = C0607A0A1D5BC4B30027A72F /* MessageThreadTableVC.swift */; };
		C0607A101D5BC4B30027A72F /* MessageThreadViewController.swift in Sources */ = {isa = PBXBuildFile; fileRef = C0607A0B1D5BC4B30027A72F /* MessageThreadViewController.swift */; };
		C0607A111D5BC4B30027A72F /* ComposerBar.swift in Sources */ = {isa = PBXBuildFile; fileRef = C0607A0C1D5BC4B30027A72F /* ComposerBar.swift */; };
		C0607A131D5BC5CC0027A72F /* Message.swift in Sources */ = {isa = PBXBuildFile; fileRef = C0607A121D5BC5CC0027A72F /* Message.swift */; };
		C0607A151D5BC8320027A72F /* DateConversion.swift in Sources */ = {isa = PBXBuildFile; fileRef = C0607A141D5BC8320027A72F /* DateConversion.swift */; };
		C0607A171D5BC8B80027A72F /* Extensions.swift in Sources */ = {isa = PBXBuildFile; fileRef = C0607A161D5BC8B80027A72F /* Extensions.swift */; };
		C0607A1B1D5BD70E0027A72F /* Main.storyboard in Resources */ = {isa = PBXBuildFile; fileRef = C0607A191D5BD70E0027A72F /* Main.storyboard */; };
		C069B2BA1C627DB1008834D3 /* IAStringArchive.swift in Sources */ = {isa = PBXBuildFile; fileRef = C069B2B91C627DB1008834D3 /* IAStringArchive.swift */; };
		C06B1D271BEC5FCC009F427A /* KeysetComponents.swift in Sources */ = {isa = PBXBuildFile; fileRef = C06B1D261BEC5FCC009F427A /* KeysetComponents.swift */; };
		C06B1D4E1BED2DCC009F427A /* PressureView.swift in Sources */ = {isa = PBXBuildFile; fileRef = C06B1D4D1BED2DCC009F427A /* PressureView.swift */; };
		C06B1D501BEE8B61009F427A /* Keysets.swift in Sources */ = {isa = PBXBuildFile; fileRef = C06B1D4F1BEE8B61009F427A /* Keysets.swift */; };
		C06B1D531BEE8C4F009F427A /* PressureKeyProtocols.swift in Sources */ = {isa = PBXBuildFile; fileRef = C06B1D521BEE8C4F009F427A /* PressureKeyProtocols.swift */; };
		C06B1D561BEE9C40009F427A /* RawIntensityMapping.swift in Sources */ = {isa = PBXBuildFile; fileRef = C06B1D551BEE9C40009F427A /* RawIntensityMapping.swift */; };
		C06B1D591BF15AD9009F427A /* WeightIntensityScheme.swift in Sources */ = {isa = PBXBuildFile; fileRef = C06B1D581BF15AD8009F427A /* WeightIntensityScheme.swift */; };
		C06B1D5B1BF15C18009F427A /* HueGYRIntensityScheme.swift in Sources */ = {isa = PBXBuildFile; fileRef = C06B1D5A1BF15C18009F427A /* HueGYRIntensityScheme.swift */; };
		C06B1D5D1BF15CDC009F427A /* FontSizeIntensityScheme.swift in Sources */ = {isa = PBXBuildFile; fileRef = C06B1D5C1BF15CDC009F427A /* FontSizeIntensityScheme.swift */; };
		C06BC1FC1CD9272100196F8B /* IACTE+GestureRecognizers.swift in Sources */ = {isa = PBXBuildFile; fileRef = C06BC1FB1CD9272100196F8B /* IACTE+GestureRecognizers.swift */; };
		C070DFF01CA0A46B00840CBE /* ToggleCell.swift in Sources */ = {isa = PBXBuildFile; fileRef = C070DFEF1CA0A46B00840CBE /* ToggleCell.swift */; };
		C070DFF21CA0A62100840CBE /* SpellCheckToggleCell.swift in Sources */ = {isa = PBXBuildFile; fileRef = C070DFF11CA0A62100840CBE /* SpellCheckToggleCell.swift */; };
		C080B53A1C974F0500DEC424 /* AccelerationHistory.swift in Sources */ = {isa = PBXBuildFile; fileRef = C080B5391C974F0500DEC424 /* AccelerationHistory.swift */; };
		C080B53E1C97997800DEC424 /* RawIntensityAdjustmentCellBase.swift in Sources */ = {isa = PBXBuildFile; fileRef = C080B53D1C97997800DEC424 /* RawIntensityAdjustmentCellBase.swift */; };
		C080B5401C98842F00DEC424 /* LabeledSliderView.swift in Sources */ = {isa = PBXBuildFile; fileRef = C080B53F1C98842F00DEC424 /* LabeledSliderView.swift */; };
		C080B5421C988BD600DEC424 /* ImpactDurationTIAdjustmentCell.swift in Sources */ = {isa = PBXBuildFile; fileRef = C080B5411C988BD600DEC424 /* ImpactDurationTIAdjustmentCell.swift */; };
		C080B5451C98933900DEC424 /* DurationTIAdjustmentCell.swift in Sources */ = {isa = PBXBuildFile; fileRef = C080B5441C98933900DEC424 /* DurationTIAdjustmentCell.swift */; };
		C080B5471C98949A00DEC424 /* ForceTIAdjustmentCell.swift in Sources */ = {isa = PBXBuildFile; fileRef = C080B5461C98949A00DEC424 /* ForceTIAdjustmentCell.swift */; };
		C080B5491C9895D700DEC424 /* LinearRIMAdjustmentCell.swift in Sources */ = {isa = PBXBuildFile; fileRef = C080B5481C9895D700DEC424 /* LinearRIMAdjustmentCell.swift */; };
		C080B54B1C9895F000DEC424 /* LogAxRIMAdjustmentCell.swift in Sources */ = {isa = PBXBuildFile; fileRef = C080B54A1C9895F000DEC424 /* LogAxRIMAdjustmentCell.swift */; };
		C080B54D1C989DB300DEC424 /* IAKitSettingsTableViewController.swift in Sources */ = {isa = PBXBuildFile; fileRef = C080B54C1C989DB300DEC424 /* IAKitSettingsTableViewController.swift */; };
		C080B54F1C99EAB900DEC424 /* ModalContainerViewController.swift in Sources */ = {isa = PBXBuildFile; fileRef = C080B54E1C99EAB900DEC424 /* ModalContainerViewController.swift */; };
		C08253B11BE571910017AC14 /* LockingKey.swift in Sources */ = {isa = PBXBuildFile; fileRef = C08253B01BE571910017AC14 /* LockingKey.swift */; };
		C08253B61BE572AE0017AC14 /* ExpandingPressureKey.swift in Sources */ = {isa = PBXBuildFile; fileRef = C08253B51BE572AE0017AC14 /* ExpandingPressureKey.swift */; };
		C084E9111CDE56E7009D387D /* IAMagnifyingLoup.swift in Sources */ = {isa = PBXBuildFile; fileRef = C084E9101CDE56E7009D387D /* IAMagnifyingLoup.swift */; };
		C0870FC41CAF10B30071A5F1 /* IAStringOptions.swift in Sources */ = {isa = PBXBuildFile; fileRef = C0870FC31CAF10B30071A5F1 /* IAStringOptions.swift */; };
		C089D2A01D761E6D009AEF7D /* IALocationManagerDelegateShim.swift in Sources */ = {isa = PBXBuildFile; fileRef = C089D29F1D761E6D009AEF7D /* IALocationManagerDelegateShim.swift */; };
		C089D2A21D761EF2009AEF7D /* IALocationPickerVC.swift in Sources */ = {isa = PBXBuildFile; fileRef = C089D2A11D761EF2009AEF7D /* IALocationPickerVC.swift */; };
		C08B42FF1CD282F7002F2840 /* IATextSelectionRect.swift in Sources */ = {isa = PBXBuildFile; fileRef = C08B42FE1CD282F7002F2840 /* IATextSelectionRect.swift */; };
		C08EE1031CB845AB0030FC3E /* IAAccessoryDelegateProtocol.swift in Sources */ = {isa = PBXBuildFile; fileRef = C08EE1021CB845AB0030FC3E /* IAAccessoryDelegateProtocol.swift */; };
		C08EE1051CB846600030FC3E /* IAKeyboardDelegateProtocol.swift in Sources */ = {isa = PBXBuildFile; fileRef = C08EE1041CB846600030FC3E /* IAKeyboardDelegateProtocol.swift */; };
		C095747E1C5822E300724F02 /* IAString.swift in Sources */ = {isa = PBXBuildFile; fileRef = C095747D1C5822E300724F02 /* IAString.swift */; };
		C09574801C58259C00724F02 /* IAStringKeys.swift in Sources */ = {isa = PBXBuildFile; fileRef = C095747F1C58259C00724F02 /* IAStringKeys.swift */; };
		C09574821C59442300724F02 /* IAStringConversion.swift in Sources */ = {isa = PBXBuildFile; fileRef = C09574811C59442300724F02 /* IAStringConversion.swift */; };
		C0A258CF1C9200EC003287AB /* TouchInterpreters-DurationBased.swift in Sources */ = {isa = PBXBuildFile; fileRef = C0A258CE1C9200EC003287AB /* TouchInterpreters-DurationBased.swift */; };
		C0A258D11C922FC0003287AB /* NSHashTable+Extension.swift in Sources */ = {isa = PBXBuildFile; fileRef = C0A258D01C922FC0003287AB /* NSHashTable+Extension.swift */; };
		C0AE06141C6E64490096F042 /* PressureKey.swift in Sources */ = {isa = PBXBuildFile; fileRef = C0AE06131C6E64490096F042 /* PressureKey.swift */; };
		C0AE06191C6E75750096F042 /* IAStringTokenizing.swift in Sources */ = {isa = PBXBuildFile; fileRef = C0AE06181C6E75750096F042 /* IAStringTokenizing.swift */; };
		C0CCA1241CEBA9340042CCF7 /* KeyboardLayoutView.swift in Sources */ = {isa = PBXBuildFile; fileRef = C0CCA1231CEBA9340042CCF7 /* KeyboardLayoutView.swift */; };
		C0D4474A1BE6BC16003204E7 /* RawIntensity.swift in Sources */ = {isa = PBXBuildFile; fileRef = C0D447491BE6BC16003204E7 /* RawIntensity.swift */; };
		C0D4474C1BE82381003204E7 /* ImageAssets.xcassets in Resources */ = {isa = PBXBuildFile; fileRef = C0D4474B1BE82381003204E7 /* ImageAssets.xcassets */; };
		C0E5D7C31BDEA47E00A0A814 /* IAAccessoryVC.swift in Sources */ = {isa = PBXBuildFile; fileRef = C0E5D7C21BDEA47E00A0A814 /* IAAccessoryVC.swift */; };
		C0E5D7C51BDEA4E400A0A814 /* UIImage+Extension.swift in Sources */ = {isa = PBXBuildFile; fileRef = C0E5D7C41BDEA4E400A0A814 /* UIImage+Extension.swift */; };
		C0E5D7C81BDEA52C00A0A814 /* OtherExtensions.swift in Sources */ = {isa = PBXBuildFile; fileRef = C0E5D7C71BDEA52C00A0A814 /* OtherExtensions.swift */; };
		C0E669B21D82478D005A9EF3 /* IAPlacemark.swift in Sources */ = {isa = PBXBuildFile; fileRef = C0E669B11D82478D005A9EF3 /* IAPlacemark.swift */; };
		C0E68E6D1C10C1AF005162F7 /* EKDirection.swift in Sources */ = {isa = PBXBuildFile; fileRef = C0E68E6C1C10C1AF005162F7 /* EKDirection.swift */; };
		C0E68E6F1C10C1D5005162F7 /* EPKey.swift in Sources */ = {isa = PBXBuildFile; fileRef = C0E68E6E1C10C1D5005162F7 /* EPKey.swift */; };
		C0F3502F1D70CE1F00FDE724 /* IAImageAttachment.swift in Sources */ = {isa = PBXBuildFile; fileRef = C0F3502E1D70CE1F00FDE724 /* IAImageAttachment.swift */; };
		C0F350311D713E9300FDE724 /* IAVideoAttachment.swift in Sources */ = {isa = PBXBuildFile; fileRef = C0F350301D713E9300FDE724 /* IAVideoAttachment.swift */; };
		C0F350331D713EAE00FDE724 /* IALocationAttachment.swift in Sources */ = {isa = PBXBuildFile; fileRef = C0F350321D713EAE00FDE724 /* IALocationAttachment.swift */; };
		C0F350351D73C34900FDE724 /* IAImageViewerVC.swift in Sources */ = {isa = PBXBuildFile; fileRef = C0F350341D73C34900FDE724 /* IAImageViewerVC.swift */; };
		C0F350381D73D91000FDE724 /* IAVideoViewerVC.swift in Sources */ = {isa = PBXBuildFile; fileRef = C0F350371D73D91000FDE724 /* IAVideoViewerVC.swift */; };
		C0F42CFB1C5FE13700FA7BB0 /* IATEPhotoPicking.swift in Sources */ = {isa = PBXBuildFile; fileRef = C0F42CFA1C5FE13700FA7BB0 /* IATEPhotoPicking.swift */; };
/* End PBXBuildFile section */

/* Begin PBXContainerItemProxy section */
		C0304B1A1D6D0E8F00E5FD73 /* PBXContainerItemProxy */ = {
			isa = PBXContainerItemProxy;
			containerPortal = C031CBBD1BDB094800521393 /* Project object */;
			proxyType = 1;
			remoteGlobalIDString = C031CBC51BDB094800521393;
			remoteInfo = IntensityAttributingKit;
		};
		C031CBD21BDB094800521393 /* PBXContainerItemProxy */ = {
			isa = PBXContainerItemProxy;
			containerPortal = C031CBBD1BDB094800521393 /* Project object */;
			proxyType = 1;
			remoteGlobalIDString = C031CBC51BDB094800521393;
			remoteInfo = IntensityAttributingKit;
		};
/* End PBXContainerItemProxy section */

/* Begin PBXCopyFilesBuildPhase section */
		C0304B1C1D6D0E8F00E5FD73 /* Embed Frameworks */ = {
			isa = PBXCopyFilesBuildPhase;
			buildActionMask = 2147483647;
			dstPath = "";
			dstSubfolderSpec = 10;
			files = (
				C0304B191D6D0E8F00E5FD73 /* IntensityAttributingKit.framework in Embed Frameworks */,
			);
			name = "Embed Frameworks";
			runOnlyForDeploymentPostprocessing = 0;
		};
/* End PBXCopyFilesBuildPhase section */

/* Begin PBXFileReference section */
		C002E1F11CB334B1008E78A1 /* IATextRange.swift */ = {isa = PBXFileReference; fileEncoding = 4; lastKnownFileType = sourcecode.swift; path = IATextRange.swift; sourceTree = "<group>"; };
		C0095D911C65328A00D37A75 /* IAAccessoryInterface.swift */ = {isa = PBXFileReference; fileEncoding = 4; lastKnownFileType = sourcecode.swift; path = IAAccessoryInterface.swift; sourceTree = "<group>"; };
		C00E94781C5BF94000551D39 /* AttachmentArray.swift */ = {isa = PBXFileReference; fileEncoding = 4; lastKnownFileType = sourcecode.swift; path = AttachmentArray.swift; sourceTree = "<group>"; };
		C014A4821CA325FC00D6312C /* String+Extensions.swift */ = {isa = PBXFileReference; fileEncoding = 4; lastKnownFileType = sourcecode.swift; path = "String+Extensions.swift"; sourceTree = "<group>"; };
		C014A4841CA3265600D6312C /* Range+Extensions.swift */ = {isa = PBXFileReference; fileEncoding = 4; lastKnownFileType = sourcecode.swift; path = "Range+Extensions.swift"; sourceTree = "<group>"; };
		C01839F31C614B270009316E /* IAStringPrinting.swift */ = {isa = PBXFileReference; fileEncoding = 4; lastKnownFileType = sourcecode.swift; path = IAStringPrinting.swift; sourceTree = "<group>"; };
		C01839F51C615FDE0009316E /* IAStringEditing.swift */ = {isa = PBXFileReference; fileEncoding = 4; lastKnownFileType = sourcecode.swift; path = IAStringEditing.swift; sourceTree = "<group>"; };
		C01BDA9C1C571926004CF045 /* CollapsingArray.swift */ = {isa = PBXFileReference; fileEncoding = 4; lastKnownFileType = sourcecode.swift; path = CollapsingArray.swift; sourceTree = "<group>"; };
		C01BDA9F1C571954004CF045 /* RangeValuePair.swift */ = {isa = PBXFileReference; fileEncoding = 4; lastKnownFileType = sourcecode.swift; path = RangeValuePair.swift; sourceTree = "<group>"; };
		C01BDAA11C57F170004CF045 /* IABaseAttributes.swift */ = {isa = PBXFileReference; fileEncoding = 4; lastKnownFileType = sourcecode.swift; path = IABaseAttributes.swift; sourceTree = "<group>"; };
		C01E0F471D4BD5FB00C5471B /* IAKitVisualPreferences.swift */ = {isa = PBXFileReference; fileEncoding = 4; lastKnownFileType = sourcecode.swift; path = IAKitVisualPreferences.swift; sourceTree = "<group>"; };
		C01E0F4C1D53D47C00C5471B /* IATextContainer.swift */ = {isa = PBXFileReference; fileEncoding = 4; lastKnownFileType = sourcecode.swift; path = IATextContainer.swift; sourceTree = "<group>"; };
		C01E0F4E1D53E48400C5471B /* TouchInterpreters-Smoothable.swift */ = {isa = PBXFileReference; fileEncoding = 4; lastKnownFileType = sourcecode.swift; path = "TouchInterpreters-Smoothable.swift"; sourceTree = "<group>"; };
		C01E0F501D53E50800C5471B /* IATouchInterpreter.swift */ = {isa = PBXFileReference; fileEncoding = 4; lastKnownFileType = sourcecode.swift; path = IATouchInterpreter.swift; sourceTree = "<group>"; };
		C01FFFA31CC6A7E900AFD366 /* IACompositeTextEditor.swift */ = {isa = PBXFileReference; fileEncoding = 4; lastKnownFileType = sourcecode.swift; path = IACompositeTextEditor.swift; sourceTree = "<group>"; };
		C01FFFA51CC6A97400AFD366 /* IACompositeBase.swift */ = {isa = PBXFileReference; fileEncoding = 4; lastKnownFileType = sourcecode.swift; path = IACompositeBase.swift; sourceTree = "<group>"; };
		C01FFFAB1CC6B1C400AFD366 /* IACTE+IAKeyboardPresenting.swift */ = {isa = PBXFileReference; fileEncoding = 4; lastKnownFileType = sourcecode.swift; path = "IACTE+IAKeyboardPresenting.swift"; sourceTree = "<group>"; };
		C01FFFAD1CC6B38900AFD366 /* IACTE+UITextInput.swift */ = {isa = PBXFileReference; fileEncoding = 4; lastKnownFileType = sourcecode.swift; path = "IACTE+UITextInput.swift"; sourceTree = "<group>"; };
		C0304B1D1D6E29D100E5FD73 /* IAThumbSize.swift */ = {isa = PBXFileReference; fileEncoding = 4; lastKnownFileType = sourcecode.swift; path = IAThumbSize.swift; sourceTree = "<group>"; };
		C0304B1F1D6E368900E5FD73 /* IAPlaceholder.swift */ = {isa = PBXFileReference; fileEncoding = 4; lastKnownFileType = sourcecode.swift; path = IAPlaceholder.swift; sourceTree = "<group>"; };
		C0304B211D6E37E700E5FD73 /* IAAttachmentType.swift */ = {isa = PBXFileReference; fileEncoding = 4; lastKnownFileType = sourcecode.swift; path = IAAttachmentType.swift; sourceTree = "<group>"; };
		C031CBC61BDB094800521393 /* IntensityAttributingKit.framework */ = {isa = PBXFileReference; explicitFileType = wrapper.framework; includeInIndex = 0; path = IntensityAttributingKit.framework; sourceTree = BUILT_PRODUCTS_DIR; };
		C031CBC91BDB094800521393 /* IntensityAttributingKit.h */ = {isa = PBXFileReference; lastKnownFileType = sourcecode.c.h; path = IntensityAttributingKit.h; sourceTree = "<group>"; };
		C031CBCB1BDB094800521393 /* Info.plist */ = {isa = PBXFileReference; lastKnownFileType = text.plist.xml; path = Info.plist; sourceTree = "<group>"; };
		C031CBD01BDB094800521393 /* IntensityAttributingKitTests.xctest */ = {isa = PBXFileReference; explicitFileType = wrapper.cfbundle; includeInIndex = 0; path = IntensityAttributingKitTests.xctest; sourceTree = BUILT_PRODUCTS_DIR; };
		C031CBD51BDB094800521393 /* IntensityAttributingKitTests.swift */ = {isa = PBXFileReference; lastKnownFileType = sourcecode.swift; path = IntensityAttributingKitTests.swift; sourceTree = "<group>"; };
		C031CBD71BDB094800521393 /* Info.plist */ = {isa = PBXFileReference; lastKnownFileType = text.plist.xml; path = Info.plist; sourceTree = "<group>"; };
		C031CBE31BDB097600521393 /* IntensityTransformers.swift */ = {isa = PBXFileReference; fileEncoding = 4; lastKnownFileType = sourcecode.swift; path = IntensityTransformers.swift; sourceTree = "<group>"; };
		C031CBE41BDB097600521393 /* IntensityTransformingProtocol.swift */ = {isa = PBXFileReference; fileEncoding = 4; lastKnownFileType = sourcecode.swift; path = IntensityTransformingProtocol.swift; sourceTree = "<group>"; };
		C031CBE51BDB097600521393 /* Globals+Operators.swift */ = {isa = PBXFileReference; fileEncoding = 4; lastKnownFileType = sourcecode.swift; path = "Globals+Operators.swift"; sourceTree = "<group>"; };
		C031CBED1BDB09FD00521393 /* IAStringDemoTests.swift */ = {isa = PBXFileReference; fileEncoding = 4; lastKnownFileType = sourcecode.swift; path = IAStringDemoTests.swift; sourceTree = "<group>"; };
		C031CBFD1BDD8DA700521393 /* README.md */ = {isa = PBXFileReference; explicitFileType = net.daringfireball.markdown; fileEncoding = 4; path = README.md; sourceTree = "<group>"; };
		C031CC051BDD948700521393 /* IAKeyboard.swift */ = {isa = PBXFileReference; fileEncoding = 4; lastKnownFileType = sourcecode.swift; path = IAKeyboard.swift; sourceTree = "<group>"; };
		C0326E221CF27C2700E6161F /* IAImageLayerView.swift */ = {isa = PBXFileReference; fileEncoding = 4; lastKnownFileType = sourcecode.swift; path = IAImageLayerView.swift; sourceTree = "<group>"; };
		C038B3E91C69310400069F9C /* ExpandingKeyControl.swift */ = {isa = PBXFileReference; fileEncoding = 4; lastKnownFileType = sourcecode.swift; path = ExpandingKeyControl.swift; sourceTree = "<group>"; };
		C038B3EB1C69311200069F9C /* ExpandingKeyBase.swift */ = {isa = PBXFileReference; fileEncoding = 4; lastKnownFileType = sourcecode.swift; path = ExpandingKeyBase.swift; sourceTree = "<group>"; };
		C03B97861E9420D8005127A5 /* EmbeddableStackView.swift */ = {isa = PBXFileReference; fileEncoding = 4; lastKnownFileType = sourcecode.swift; path = EmbeddableStackView.swift; sourceTree = "<group>"; };
		C040C5071C0E4283007C1685 /* IAKitPreferences.swift */ = {isa = PBXFileReference; fileEncoding = 4; lastKnownFileType = sourcecode.swift; path = IAKitPreferences.swift; sourceTree = "<group>"; };
		C045339D1CA4794600B374D0 /* LabeledStepperAdjusterCell.swift */ = {isa = PBXFileReference; fileEncoding = 4; lastKnownFileType = sourcecode.swift; path = LabeledStepperAdjusterCell.swift; sourceTree = "<group>"; };
		C045339F1CA47BB200B374D0 /* SmootherOverrideAdjusterCell.swift */ = {isa = PBXFileReference; fileEncoding = 4; lastKnownFileType = sourcecode.swift; path = SmootherOverrideAdjusterCell.swift; sourceTree = "<group>"; };
		C04533A11CA481F000B374D0 /* RenderOverrideAdjusterCell.swift */ = {isa = PBXFileReference; fileEncoding = 4; lastKnownFileType = sourcecode.swift; path = RenderOverrideAdjusterCell.swift; sourceTree = "<group>"; };
		C04533AA1CA5CD6500B374D0 /* AlphaIntensityScheme.swift */ = {isa = PBXFileReference; fileEncoding = 4; lastKnownFileType = sourcecode.swift; path = AlphaIntensityScheme.swift; sourceTree = "<group>"; };
		C04533B11CAAF2FC00B374D0 /* IACompositeTextView.swift */ = {isa = PBXFileReference; fileEncoding = 4; lastKnownFileType = sourcecode.swift; path = IACompositeTextView.swift; sourceTree = "<group>"; };
		C0479E631CBED6D10032A5C6 /* ThinTextView.swift */ = {isa = PBXFileReference; fileEncoding = 4; lastKnownFileType = sourcecode.swift; path = ThinTextView.swift; sourceTree = "<group>"; };
		C0479E651CC01E130032A5C6 /* IASelectionView.swift */ = {isa = PBXFileReference; fileEncoding = 4; lastKnownFileType = sourcecode.swift; path = IASelectionView.swift; sourceTree = "<group>"; };
		C0479E671CC02CA50032A5C6 /* IACompositeTextView+Animations.swift */ = {isa = PBXFileReference; fileEncoding = 4; lastKnownFileType = sourcecode.swift; path = "IACompositeTextView+Animations.swift"; sourceTree = "<group>"; };
		C054632B1C9C969600652AC0 /* SuggestionBarView.swift */ = {isa = PBXFileReference; fileEncoding = 4; lastKnownFileType = sourcecode.swift; path = SuggestionBarView.swift; sourceTree = "<group>"; };
		C054D99D1C3DAB9100D852DE /* IATextAttachment.swift */ = {isa = PBXFileReference; fileEncoding = 4; lastKnownFileType = sourcecode.swift; path = IATextAttachment.swift; sourceTree = "<group>"; };
		C06079F51D5BC2FA0027A72F /* IAKitSampleProject.app */ = {isa = PBXFileReference; explicitFileType = wrapper.application; includeInIndex = 0; path = IAKitSampleProject.app; sourceTree = BUILT_PRODUCTS_DIR; };
		C06079F71D5BC2FA0027A72F /* AppDelegate.swift */ = {isa = PBXFileReference; lastKnownFileType = sourcecode.swift; path = AppDelegate.swift; sourceTree = "<group>"; };
		C06079F91D5BC2FA0027A72F /* ViewController.swift */ = {isa = PBXFileReference; lastKnownFileType = sourcecode.swift; path = ViewController.swift; sourceTree = "<group>"; };
		C06079FE1D5BC2FA0027A72F /* Assets.xcassets */ = {isa = PBXFileReference; lastKnownFileType = folder.assetcatalog; path = Assets.xcassets; sourceTree = "<group>"; };
		C0607A011D5BC2FA0027A72F /* Base */ = {isa = PBXFileReference; lastKnownFileType = file.storyboard; name = Base; path = Base.lproj/LaunchScreen.storyboard; sourceTree = "<group>"; };
		C0607A031D5BC2FA0027A72F /* Info.plist */ = {isa = PBXFileReference; lastKnownFileType = text.plist.xml; path = Info.plist; sourceTree = "<group>"; };
		C0607A081D5BC4B30027A72F /* MessageCell.swift */ = {isa = PBXFileReference; fileEncoding = 4; lastKnownFileType = sourcecode.swift; path = MessageCell.swift; sourceTree = "<group>"; };
		C0607A0A1D5BC4B30027A72F /* MessageThreadTableVC.swift */ = {isa = PBXFileReference; fileEncoding = 4; lastKnownFileType = sourcecode.swift; path = MessageThreadTableVC.swift; sourceTree = "<group>"; };
		C0607A0B1D5BC4B30027A72F /* MessageThreadViewController.swift */ = {isa = PBXFileReference; fileEncoding = 4; lastKnownFileType = sourcecode.swift; path = MessageThreadViewController.swift; sourceTree = "<group>"; };
		C0607A0C1D5BC4B30027A72F /* ComposerBar.swift */ = {isa = PBXFileReference; fileEncoding = 4; lastKnownFileType = sourcecode.swift; path = ComposerBar.swift; sourceTree = "<group>"; };
		C0607A121D5BC5CC0027A72F /* Message.swift */ = {isa = PBXFileReference; fileEncoding = 4; lastKnownFileType = sourcecode.swift; path = Message.swift; sourceTree = "<group>"; };
		C0607A141D5BC8320027A72F /* DateConversion.swift */ = {isa = PBXFileReference; fileEncoding = 4; lastKnownFileType = sourcecode.swift; path = DateConversion.swift; sourceTree = "<group>"; };
		C0607A161D5BC8B80027A72F /* Extensions.swift */ = {isa = PBXFileReference; fileEncoding = 4; lastKnownFileType = sourcecode.swift; path = Extensions.swift; sourceTree = "<group>"; };
		C0607A1A1D5BD70E0027A72F /* Base */ = {isa = PBXFileReference; lastKnownFileType = file.storyboard; name = Base; path = SampleProject/Base.lproj/Main.storyboard; sourceTree = "<group>"; };
		C069B2B91C627DB1008834D3 /* IAStringArchive.swift */ = {isa = PBXFileReference; fileEncoding = 4; lastKnownFileType = sourcecode.swift; path = IAStringArchive.swift; sourceTree = "<group>"; };
		C06B1D261BEC5FCC009F427A /* KeysetComponents.swift */ = {isa = PBXFileReference; fileEncoding = 4; lastKnownFileType = sourcecode.swift; path = KeysetComponents.swift; sourceTree = "<group>"; };
		C06B1D4D1BED2DCC009F427A /* PressureView.swift */ = {isa = PBXFileReference; fileEncoding = 4; lastKnownFileType = sourcecode.swift; path = PressureView.swift; sourceTree = "<group>"; };
		C06B1D4F1BEE8B61009F427A /* Keysets.swift */ = {isa = PBXFileReference; fileEncoding = 4; lastKnownFileType = sourcecode.swift; path = Keysets.swift; sourceTree = "<group>"; };
		C06B1D521BEE8C4F009F427A /* PressureKeyProtocols.swift */ = {isa = PBXFileReference; fileEncoding = 4; lastKnownFileType = sourcecode.swift; path = PressureKeyProtocols.swift; sourceTree = "<group>"; };
		C06B1D551BEE9C40009F427A /* RawIntensityMapping.swift */ = {isa = PBXFileReference; fileEncoding = 4; lastKnownFileType = sourcecode.swift; path = RawIntensityMapping.swift; sourceTree = "<group>"; };
		C06B1D581BF15AD8009F427A /* WeightIntensityScheme.swift */ = {isa = PBXFileReference; fileEncoding = 4; lastKnownFileType = sourcecode.swift; path = WeightIntensityScheme.swift; sourceTree = "<group>"; };
		C06B1D5A1BF15C18009F427A /* HueGYRIntensityScheme.swift */ = {isa = PBXFileReference; fileEncoding = 4; lastKnownFileType = sourcecode.swift; path = HueGYRIntensityScheme.swift; sourceTree = "<group>"; };
		C06B1D5C1BF15CDC009F427A /* FontSizeIntensityScheme.swift */ = {isa = PBXFileReference; fileEncoding = 4; lastKnownFileType = sourcecode.swift; path = FontSizeIntensityScheme.swift; sourceTree = "<group>"; };
		C06BC1FB1CD9272100196F8B /* IACTE+GestureRecognizers.swift */ = {isa = PBXFileReference; fileEncoding = 4; lastKnownFileType = sourcecode.swift; path = "IACTE+GestureRecognizers.swift"; sourceTree = "<group>"; };
		C070DFEF1CA0A46B00840CBE /* ToggleCell.swift */ = {isa = PBXFileReference; fileEncoding = 4; lastKnownFileType = sourcecode.swift; path = ToggleCell.swift; sourceTree = "<group>"; };
		C070DFF11CA0A62100840CBE /* SpellCheckToggleCell.swift */ = {isa = PBXFileReference; fileEncoding = 4; lastKnownFileType = sourcecode.swift; path = SpellCheckToggleCell.swift; sourceTree = "<group>"; };
		C080B5391C974F0500DEC424 /* AccelerationHistory.swift */ = {isa = PBXFileReference; fileEncoding = 4; lastKnownFileType = sourcecode.swift; path = AccelerationHistory.swift; sourceTree = "<group>"; };
		C080B53D1C97997800DEC424 /* RawIntensityAdjustmentCellBase.swift */ = {isa = PBXFileReference; fileEncoding = 4; lastKnownFileType = sourcecode.swift; path = RawIntensityAdjustmentCellBase.swift; sourceTree = "<group>"; };
		C080B53F1C98842F00DEC424 /* LabeledSliderView.swift */ = {isa = PBXFileReference; fileEncoding = 4; lastKnownFileType = sourcecode.swift; path = LabeledSliderView.swift; sourceTree = "<group>"; };
		C080B5411C988BD600DEC424 /* ImpactDurationTIAdjustmentCell.swift */ = {isa = PBXFileReference; fileEncoding = 4; lastKnownFileType = sourcecode.swift; path = ImpactDurationTIAdjustmentCell.swift; sourceTree = "<group>"; };
		C080B5441C98933900DEC424 /* DurationTIAdjustmentCell.swift */ = {isa = PBXFileReference; fileEncoding = 4; lastKnownFileType = sourcecode.swift; path = DurationTIAdjustmentCell.swift; sourceTree = "<group>"; };
		C080B5461C98949A00DEC424 /* ForceTIAdjustmentCell.swift */ = {isa = PBXFileReference; fileEncoding = 4; lastKnownFileType = sourcecode.swift; path = ForceTIAdjustmentCell.swift; sourceTree = "<group>"; };
		C080B5481C9895D700DEC424 /* LinearRIMAdjustmentCell.swift */ = {isa = PBXFileReference; fileEncoding = 4; lastKnownFileType = sourcecode.swift; path = LinearRIMAdjustmentCell.swift; sourceTree = "<group>"; };
		C080B54A1C9895F000DEC424 /* LogAxRIMAdjustmentCell.swift */ = {isa = PBXFileReference; fileEncoding = 4; lastKnownFileType = sourcecode.swift; path = LogAxRIMAdjustmentCell.swift; sourceTree = "<group>"; };
		C080B54C1C989DB300DEC424 /* IAKitSettingsTableViewController.swift */ = {isa = PBXFileReference; fileEncoding = 4; lastKnownFileType = sourcecode.swift; path = IAKitSettingsTableViewController.swift; sourceTree = "<group>"; };
		C080B54E1C99EAB900DEC424 /* ModalContainerViewController.swift */ = {isa = PBXFileReference; fileEncoding = 4; lastKnownFileType = sourcecode.swift; path = ModalContainerViewController.swift; sourceTree = "<group>"; };
		C08253B01BE571910017AC14 /* LockingKey.swift */ = {isa = PBXFileReference; fileEncoding = 4; lastKnownFileType = sourcecode.swift; path = LockingKey.swift; sourceTree = "<group>"; };
		C08253B51BE572AE0017AC14 /* ExpandingPressureKey.swift */ = {isa = PBXFileReference; fileEncoding = 4; lastKnownFileType = sourcecode.swift; lineEnding = 0; path = ExpandingPressureKey.swift; sourceTree = "<group>"; xcLanguageSpecificationIdentifier = xcode.lang.swift; };
		C084E9101CDE56E7009D387D /* IAMagnifyingLoup.swift */ = {isa = PBXFileReference; fileEncoding = 4; lastKnownFileType = sourcecode.swift; path = IAMagnifyingLoup.swift; sourceTree = "<group>"; };
		C0870FC31CAF10B30071A5F1 /* IAStringOptions.swift */ = {isa = PBXFileReference; fileEncoding = 4; lastKnownFileType = sourcecode.swift; path = IAStringOptions.swift; sourceTree = "<group>"; };
		C089D29F1D761E6D009AEF7D /* IALocationManagerDelegateShim.swift */ = {isa = PBXFileReference; fileEncoding = 4; lastKnownFileType = sourcecode.swift; path = IALocationManagerDelegateShim.swift; sourceTree = "<group>"; };
		C089D2A11D761EF2009AEF7D /* IALocationPickerVC.swift */ = {isa = PBXFileReference; fileEncoding = 4; lastKnownFileType = sourcecode.swift; path = IALocationPickerVC.swift; sourceTree = "<group>"; };
		C08B42FE1CD282F7002F2840 /* IATextSelectionRect.swift */ = {isa = PBXFileReference; fileEncoding = 4; lastKnownFileType = sourcecode.swift; path = IATextSelectionRect.swift; sourceTree = "<group>"; };
		C08EE1021CB845AB0030FC3E /* IAAccessoryDelegateProtocol.swift */ = {isa = PBXFileReference; fileEncoding = 4; lastKnownFileType = sourcecode.swift; path = IAAccessoryDelegateProtocol.swift; sourceTree = "<group>"; };
		C08EE1041CB846600030FC3E /* IAKeyboardDelegateProtocol.swift */ = {isa = PBXFileReference; fileEncoding = 4; lastKnownFileType = sourcecode.swift; path = IAKeyboardDelegateProtocol.swift; sourceTree = "<group>"; };
		C095747D1C5822E300724F02 /* IAString.swift */ = {isa = PBXFileReference; fileEncoding = 4; lastKnownFileType = sourcecode.swift; path = IAString.swift; sourceTree = "<group>"; };
		C095747F1C58259C00724F02 /* IAStringKeys.swift */ = {isa = PBXFileReference; fileEncoding = 4; lastKnownFileType = sourcecode.swift; path = IAStringKeys.swift; sourceTree = "<group>"; };
		C09574811C59442300724F02 /* IAStringConversion.swift */ = {isa = PBXFileReference; fileEncoding = 4; lastKnownFileType = sourcecode.swift; lineEnding = 0; path = IAStringConversion.swift; sourceTree = "<group>"; xcLanguageSpecificationIdentifier = xcode.lang.swift; };
		C0A258CE1C9200EC003287AB /* TouchInterpreters-DurationBased.swift */ = {isa = PBXFileReference; fileEncoding = 4; lastKnownFileType = sourcecode.swift; path = "TouchInterpreters-DurationBased.swift"; sourceTree = "<group>"; };
		C0A258D01C922FC0003287AB /* NSHashTable+Extension.swift */ = {isa = PBXFileReference; fileEncoding = 4; lastKnownFileType = sourcecode.swift; path = "NSHashTable+Extension.swift"; sourceTree = "<group>"; };
		C0AE06131C6E64490096F042 /* PressureKey.swift */ = {isa = PBXFileReference; fileEncoding = 4; lastKnownFileType = sourcecode.swift; path = PressureKey.swift; sourceTree = "<group>"; };
		C0AE06181C6E75750096F042 /* IAStringTokenizing.swift */ = {isa = PBXFileReference; fileEncoding = 4; lastKnownFileType = sourcecode.swift; path = IAStringTokenizing.swift; sourceTree = "<group>"; };
		C0CCA1231CEBA9340042CCF7 /* KeyboardLayoutView.swift */ = {isa = PBXFileReference; fileEncoding = 4; lastKnownFileType = sourcecode.swift; path = KeyboardLayoutView.swift; sourceTree = "<group>"; };
		C0D447491BE6BC16003204E7 /* RawIntensity.swift */ = {isa = PBXFileReference; fileEncoding = 4; lastKnownFileType = sourcecode.swift; path = RawIntensity.swift; sourceTree = "<group>"; };
		C0D4474B1BE82381003204E7 /* ImageAssets.xcassets */ = {isa = PBXFileReference; lastKnownFileType = folder.assetcatalog; path = ImageAssets.xcassets; sourceTree = "<group>"; };
		C0E5D7C21BDEA47E00A0A814 /* IAAccessoryVC.swift */ = {isa = PBXFileReference; fileEncoding = 4; lastKnownFileType = sourcecode.swift; path = IAAccessoryVC.swift; sourceTree = "<group>"; };
		C0E5D7C41BDEA4E400A0A814 /* UIImage+Extension.swift */ = {isa = PBXFileReference; fileEncoding = 4; lastKnownFileType = sourcecode.swift; path = "UIImage+Extension.swift"; sourceTree = "<group>"; };
		C0E5D7C71BDEA52C00A0A814 /* OtherExtensions.swift */ = {isa = PBXFileReference; fileEncoding = 4; lastKnownFileType = sourcecode.swift; path = OtherExtensions.swift; sourceTree = "<group>"; };
		C0E669B11D82478D005A9EF3 /* IAPlacemark.swift */ = {isa = PBXFileReference; fileEncoding = 4; lastKnownFileType = sourcecode.swift; path = IAPlacemark.swift; sourceTree = "<group>"; };
		C0E68E6C1C10C1AF005162F7 /* EKDirection.swift */ = {isa = PBXFileReference; fileEncoding = 4; lastKnownFileType = sourcecode.swift; path = EKDirection.swift; sourceTree = "<group>"; };
		C0E68E6E1C10C1D5005162F7 /* EPKey.swift */ = {isa = PBXFileReference; fileEncoding = 4; lastKnownFileType = sourcecode.swift; path = EPKey.swift; sourceTree = "<group>"; };
		C0F3502E1D70CE1F00FDE724 /* IAImageAttachment.swift */ = {isa = PBXFileReference; fileEncoding = 4; lastKnownFileType = sourcecode.swift; path = IAImageAttachment.swift; sourceTree = "<group>"; };
		C0F350301D713E9300FDE724 /* IAVideoAttachment.swift */ = {isa = PBXFileReference; fileEncoding = 4; lastKnownFileType = sourcecode.swift; path = IAVideoAttachment.swift; sourceTree = "<group>"; };
		C0F350321D713EAE00FDE724 /* IALocationAttachment.swift */ = {isa = PBXFileReference; fileEncoding = 4; lastKnownFileType = sourcecode.swift; path = IALocationAttachment.swift; sourceTree = "<group>"; };
		C0F350341D73C34900FDE724 /* IAImageViewerVC.swift */ = {isa = PBXFileReference; fileEncoding = 4; lastKnownFileType = sourcecode.swift; path = IAImageViewerVC.swift; sourceTree = "<group>"; };
		C0F350371D73D91000FDE724 /* IAVideoViewerVC.swift */ = {isa = PBXFileReference; fileEncoding = 4; lastKnownFileType = sourcecode.swift; path = IAVideoViewerVC.swift; sourceTree = "<group>"; };
		C0F42CFA1C5FE13700FA7BB0 /* IATEPhotoPicking.swift */ = {isa = PBXFileReference; fileEncoding = 4; lastKnownFileType = sourcecode.swift; path = IATEPhotoPicking.swift; sourceTree = "<group>"; };
/* End PBXFileReference section */

/* Begin PBXFrameworksBuildPhase section */
		C031CBC21BDB094800521393 /* Frameworks */ = {
			isa = PBXFrameworksBuildPhase;
			buildActionMask = 2147483647;
			files = (
			);
			runOnlyForDeploymentPostprocessing = 0;
		};
		C031CBCD1BDB094800521393 /* Frameworks */ = {
			isa = PBXFrameworksBuildPhase;
			buildActionMask = 2147483647;
			files = (
				C031CBD11BDB094800521393 /* IntensityAttributingKit.framework in Frameworks */,
			);
			runOnlyForDeploymentPostprocessing = 0;
		};
		C06079F21D5BC2FA0027A72F /* Frameworks */ = {
			isa = PBXFrameworksBuildPhase;
			buildActionMask = 2147483647;
			files = (
				C0304B181D6D0E8F00E5FD73 /* IntensityAttributingKit.framework in Frameworks */,
			);
			runOnlyForDeploymentPostprocessing = 0;
		};
/* End PBXFrameworksBuildPhase section */

/* Begin PBXGroup section */
		C002E1F01CB303F5008E78A1 /* CompositeTextViews */ = {
			isa = PBXGroup;
			children = (
				C0F350361D73D1A500FDE724 /* AttachmentVCs */,
				C01E0F4B1D51390900C5471B /* TextKit subclasses */,
				C01FFFAF1CC6B3DF00AFD366 /* IACompositeBase */,
				C04533B11CAAF2FC00B374D0 /* IACompositeTextView.swift */,
				C01FFFB01CC6B3F000AFD366 /* IACompositeTextEditor */,
			);
			name = CompositeTextViews;
			sourceTree = "<group>";
		};
		C0095D901C65326400D37A75 /* IAAccessory */ = {
			isa = PBXGroup;
			children = (
				C0E5D7C21BDEA47E00A0A814 /* IAAccessoryVC.swift */,
				C0095D911C65328A00D37A75 /* IAAccessoryInterface.swift */,
				C08EE1021CB845AB0030FC3E /* IAAccessoryDelegateProtocol.swift */,
			);
			name = IAAccessory;
			sourceTree = "<group>";
		};
		C00E947A1C5BF9A500551D39 /* IAStringDataStructures */ = {
			isa = PBXGroup;
			children = (
				C01BDAA11C57F170004CF045 /* IABaseAttributes.swift */,
				C0870FC31CAF10B30071A5F1 /* IAStringOptions.swift */,
				C00E94781C5BF94000551D39 /* AttachmentArray.swift */,
				C01BDA9C1C571926004CF045 /* CollapsingArray.swift */,
				C01BDA9F1C571954004CF045 /* RangeValuePair.swift */,
			);
			name = IAStringDataStructures;
			sourceTree = "<group>";
		};
		C014A4811CA31FF600D6312C /* ViewBaseClasses */ = {
			isa = PBXGroup;
			children = (
				C080B53D1C97997800DEC424 /* RawIntensityAdjustmentCellBase.swift */,
				C080B53F1C98842F00DEC424 /* LabeledSliderView.swift */,
				C070DFEF1CA0A46B00840CBE /* ToggleCell.swift */,
				C045339D1CA4794600B374D0 /* LabeledStepperAdjusterCell.swift */,
			);
			name = ViewBaseClasses;
			sourceTree = "<group>";
		};
		C01839F71C615FE80009316E /* IAString */ = {
			isa = PBXGroup;
			children = (
				C095747D1C5822E300724F02 /* IAString.swift */,
				C09574811C59442300724F02 /* IAStringConversion.swift */,
				C01839F51C615FDE0009316E /* IAStringEditing.swift */,
				C01839F31C614B270009316E /* IAStringPrinting.swift */,
				C069B2B91C627DB1008834D3 /* IAStringArchive.swift */,
				C095747F1C58259C00724F02 /* IAStringKeys.swift */,
				C0AE06181C6E75750096F042 /* IAStringTokenizing.swift */,
			);
			name = IAString;
			sourceTree = "<group>";
		};
		C01E0F4A1D5138F300C5471B /* IAComposite Subviews */ = {
			isa = PBXGroup;
			children = (
				C084E9101CDE56E7009D387D /* IAMagnifyingLoup.swift */,
				C0479E651CC01E130032A5C6 /* IASelectionView.swift */,
				C0326E221CF27C2700E6161F /* IAImageLayerView.swift */,
				C0479E631CBED6D10032A5C6 /* ThinTextView.swift */,
			);
			name = "IAComposite Subviews";
			sourceTree = "<group>";
		};
		C01E0F4B1D51390900C5471B /* TextKit subclasses */ = {
			isa = PBXGroup;
			children = (
				C002E1F11CB334B1008E78A1 /* IATextRange.swift */,
				C08B42FE1CD282F7002F2840 /* IATextSelectionRect.swift */,
				C01E0F4C1D53D47C00C5471B /* IATextContainer.swift */,
			);
			name = "TextKit subclasses";
			sourceTree = "<group>";
		};
		C01FFFAF1CC6B3DF00AFD366 /* IACompositeBase */ = {
			isa = PBXGroup;
			children = (
				C01E0F4A1D5138F300C5471B /* IAComposite Subviews */,
				C01FFFA51CC6A97400AFD366 /* IACompositeBase.swift */,
				C0479E671CC02CA50032A5C6 /* IACompositeTextView+Animations.swift */,
			);
			name = IACompositeBase;
			sourceTree = "<group>";
		};
		C01FFFB01CC6B3F000AFD366 /* IACompositeTextEditor */ = {
			isa = PBXGroup;
			children = (
				C01FFFA31CC6A7E900AFD366 /* IACompositeTextEditor.swift */,
				C06BC1FB1CD9272100196F8B /* IACTE+GestureRecognizers.swift */,
				C01FFFAD1CC6B38900AFD366 /* IACTE+UITextInput.swift */,
				C01FFFAB1CC6B1C400AFD366 /* IACTE+IAKeyboardPresenting.swift */,
				C0F42CFA1C5FE13700FA7BB0 /* IATEPhotoPicking.swift */,
			);
			name = IACompositeTextEditor;
			sourceTree = "<group>";
		};
		C0304B171D6D080B00E5FD73 /* Attachments */ = {
			isa = PBXGroup;
			children = (
				C054D99D1C3DAB9100D852DE /* IATextAttachment.swift */,
				C0F350301D713E9300FDE724 /* IAVideoAttachment.swift */,
				C0F350321D713EAE00FDE724 /* IALocationAttachment.swift */,
				C0F3502E1D70CE1F00FDE724 /* IAImageAttachment.swift */,
				C0304B1D1D6E29D100E5FD73 /* IAThumbSize.swift */,
				C0304B1F1D6E368900E5FD73 /* IAPlaceholder.swift */,
				C0304B211D6E37E700E5FD73 /* IAAttachmentType.swift */,
				C089D29E1D761E2E009AEF7D /* LocationAttachmentRelated */,
			);
			name = Attachments;
			sourceTree = "<group>";
		};
		C031CBBC1BDB094800521393 = {
			isa = PBXGroup;
			children = (
				C031CBFD1BDD8DA700521393 /* README.md */,
				C031CBC81BDB094800521393 /* IntensityAttributingKit */,
				C031CBD41BDB094800521393 /* IntensityAttributingKitTests */,
				C06079F61D5BC2FA0027A72F /* IAKitSampleProject */,
				C031CBC71BDB094800521393 /* Products */,
			);
			sourceTree = "<group>";
		};
		C031CBC71BDB094800521393 /* Products */ = {
			isa = PBXGroup;
			children = (
				C031CBC61BDB094800521393 /* IntensityAttributingKit.framework */,
				C031CBD01BDB094800521393 /* IntensityAttributingKitTests.xctest */,
				C06079F51D5BC2FA0027A72F /* IAKitSampleProject.app */,
			);
			name = Products;
			sourceTree = "<group>";
		};
		C031CBC81BDB094800521393 /* IntensityAttributingKit */ = {
			isa = PBXGroup;
			children = (
				C040C5071C0E4283007C1685 /* IAKitPreferences.swift */,
				C01E0F471D4BD5FB00C5471B /* IAKitVisualPreferences.swift */,
				C0304B171D6D080B00E5FD73 /* Attachments */,
				C002E1F01CB303F5008E78A1 /* CompositeTextViews */,
				C08253B31BE571E00017AC14 /* KB+Accessory */,
				C06B1D541BEE9BDA009F427A /* RawIntensity */,
				C08253B21BE571C70017AC14 /* CustomControls */,
				C031CBEC1BDB097E00521393 /* IAString And Transformers */,
				C0E5D7C61BDEA50400A0A814 /* General Extensions */,
				C0A258D21C92363F003287AB /* Config Views+VCs */,
				C08253B41BE572260017AC14 /* Supporting Files */,
			);
			path = IntensityAttributingKit;
			sourceTree = "<group>";
		};
		C031CBD41BDB094800521393 /* IntensityAttributingKitTests */ = {
			isa = PBXGroup;
			children = (
				C031CBD51BDB094800521393 /* IntensityAttributingKitTests.swift */,
				C031CBED1BDB09FD00521393 /* IAStringDemoTests.swift */,
				C031CBD71BDB094800521393 /* Info.plist */,
			);
			path = IntensityAttributingKitTests;
			sourceTree = "<group>";
		};
		C031CBEC1BDB097E00521393 /* IAString And Transformers */ = {
			isa = PBXGroup;
			children = (
				C06B1D571BF15AB5009F427A /* Transformers */,
				C01839F71C615FE80009316E /* IAString */,
				C00E947A1C5BF9A500551D39 /* IAStringDataStructures */,
			);
			name = "IAString And Transformers";
			sourceTree = "<group>";
		};
		C06079F61D5BC2FA0027A72F /* IAKitSampleProject */ = {
			isa = PBXGroup;
			children = (
				C06079F71D5BC2FA0027A72F /* AppDelegate.swift */,
				C0607A081D5BC4B30027A72F /* MessageCell.swift */,
				C0607A0A1D5BC4B30027A72F /* MessageThreadTableVC.swift */,
				C0607A0B1D5BC4B30027A72F /* MessageThreadViewController.swift */,
				C0607A0C1D5BC4B30027A72F /* ComposerBar.swift */,
				C0607A191D5BD70E0027A72F /* Main.storyboard */,
				C0607A121D5BC5CC0027A72F /* Message.swift */,
				C06079F91D5BC2FA0027A72F /* ViewController.swift */,
				C0607A181D5BC8DF0027A72F /* Utility+Helpers */,
				C06079FE1D5BC2FA0027A72F /* Assets.xcassets */,
				C0607A001D5BC2FA0027A72F /* LaunchScreen.storyboard */,
				C0607A031D5BC2FA0027A72F /* Info.plist */,
			);
			name = IAKitSampleProject;
			path = SampleProject;
			sourceTree = "<group>";
		};
		C0607A181D5BC8DF0027A72F /* Utility+Helpers */ = {
			isa = PBXGroup;
			children = (
				C0607A141D5BC8320027A72F /* DateConversion.swift */,
				C0607A161D5BC8B80027A72F /* Extensions.swift */,
			);
			name = "Utility+Helpers";
			sourceTree = "<group>";
		};
		C06B1D511BEE8BDC009F427A /* Keyset Management */ = {
			isa = PBXGroup;
			children = (
				C06B1D261BEC5FCC009F427A /* KeysetComponents.swift */,
				C06B1D4F1BEE8B61009F427A /* Keysets.swift */,
			);
			name = "Keyset Management";
			sourceTree = "<group>";
		};
		C06B1D541BEE9BDA009F427A /* RawIntensity */ = {
			isa = PBXGroup;
			children = (
				C0D447491BE6BC16003204E7 /* RawIntensity.swift */,
				C0A258CE1C9200EC003287AB /* TouchInterpreters-DurationBased.swift */,
				C01E0F501D53E50800C5471B /* IATouchInterpreter.swift */,
				C01E0F4E1D53E48400C5471B /* TouchInterpreters-Smoothable.swift */,
				C06B1D551BEE9C40009F427A /* RawIntensityMapping.swift */,
				C080B5391C974F0500DEC424 /* AccelerationHistory.swift */,
			);
			name = RawIntensity;
			sourceTree = "<group>";
		};
		C06B1D571BF15AB5009F427A /* Transformers */ = {
			isa = PBXGroup;
			children = (
				C031CBE41BDB097600521393 /* IntensityTransformingProtocol.swift */,
				C031CBE31BDB097600521393 /* IntensityTransformers.swift */,
				C06B1D581BF15AD8009F427A /* WeightIntensityScheme.swift */,
				C06B1D5C1BF15CDC009F427A /* FontSizeIntensityScheme.swift */,
				C06B1D5A1BF15C18009F427A /* HueGYRIntensityScheme.swift */,
				C04533AA1CA5CD6500B374D0 /* AlphaIntensityScheme.swift */,
			);
			name = Transformers;
			sourceTree = "<group>";
		};
		C080B5431C98930600DEC424 /* AdjustmentCells */ = {
			isa = PBXGroup;
			children = (
				C014A4811CA31FF600D6312C /* ViewBaseClasses */,
				C080B5411C988BD600DEC424 /* ImpactDurationTIAdjustmentCell.swift */,
				C045339F1CA47BB200B374D0 /* SmootherOverrideAdjusterCell.swift */,
				C04533A11CA481F000B374D0 /* RenderOverrideAdjusterCell.swift */,
				C080B5441C98933900DEC424 /* DurationTIAdjustmentCell.swift */,
				C080B5461C98949A00DEC424 /* ForceTIAdjustmentCell.swift */,
				C080B5481C9895D700DEC424 /* LinearRIMAdjustmentCell.swift */,
				C080B54A1C9895F000DEC424 /* LogAxRIMAdjustmentCell.swift */,
				C070DFF11CA0A62100840CBE /* SpellCheckToggleCell.swift */,
			);
			name = AdjustmentCells;
			sourceTree = "<group>";
		};
		C08253B21BE571C70017AC14 /* CustomControls */ = {
			isa = PBXGroup;
			children = (
				C08253B01BE571910017AC14 /* LockingKey.swift */,
				C054632B1C9C969600652AC0 /* SuggestionBarView.swift */,
				C06B1D521BEE8C4F009F427A /* PressureKeyProtocols.swift */,
				C0AE06151C6E66490096F042 /* PressureKeys */,
				C0E68E691C10C14F005162F7 /* ExpandingKeys */,
			);
			name = CustomControls;
			sourceTree = "<group>";
		};
		C08253B31BE571E00017AC14 /* KB+Accessory */ = {
			isa = PBXGroup;
			children = (
				C08EE1061CB846660030FC3E /* Keyboard */,
				C0095D901C65326400D37A75 /* IAAccessory */,
				C06B1D511BEE8BDC009F427A /* Keyset Management */,
			);
			name = "KB+Accessory";
			sourceTree = "<group>";
		};
		C08253B41BE572260017AC14 /* Supporting Files */ = {
			isa = PBXGroup;
			children = (
				C031CBC91BDB094800521393 /* IntensityAttributingKit.h */,
				C031CBCB1BDB094800521393 /* Info.plist */,
				C0D4474B1BE82381003204E7 /* ImageAssets.xcassets */,
			);
			name = "Supporting Files";
			sourceTree = "<group>";
		};
		C089D29E1D761E2E009AEF7D /* LocationAttachmentRelated */ = {
			isa = PBXGroup;
			children = (
				C089D29F1D761E6D009AEF7D /* IALocationManagerDelegateShim.swift */,
				C0E669B11D82478D005A9EF3 /* IAPlacemark.swift */,
			);
			name = LocationAttachmentRelated;
			sourceTree = "<group>";
		};
		C08EE1061CB846660030FC3E /* Keyboard */ = {
			isa = PBXGroup;
			children = (
				C031CC051BDD948700521393 /* IAKeyboard.swift */,
				C03B97861E9420D8005127A5 /* EmbeddableStackView.swift */,
				C08EE1041CB846600030FC3E /* IAKeyboardDelegateProtocol.swift */,
				C0CCA1231CEBA9340042CCF7 /* KeyboardLayoutView.swift */,
			);
			name = Keyboard;
			sourceTree = "<group>";
		};
		C0A258D21C92363F003287AB /* Config Views+VCs */ = {
			isa = PBXGroup;
			children = (
				C080B54C1C989DB300DEC424 /* IAKitSettingsTableViewController.swift */,
				C080B54E1C99EAB900DEC424 /* ModalContainerViewController.swift */,
				C080B5431C98930600DEC424 /* AdjustmentCells */,
			);
			name = "Config Views+VCs";
			sourceTree = "<group>";
		};
		C0AE06151C6E66490096F042 /* PressureKeys */ = {
			isa = PBXGroup;
			children = (
				C06B1D4D1BED2DCC009F427A /* PressureView.swift */,
				C0AE06131C6E64490096F042 /* PressureKey.swift */,
			);
			name = PressureKeys;
			sourceTree = "<group>";
		};
		C0E5D7C61BDEA50400A0A814 /* General Extensions */ = {
			isa = PBXGroup;
			children = (
				C031CBE51BDB097600521393 /* Globals+Operators.swift */,
				C0E5D7C41BDEA4E400A0A814 /* UIImage+Extension.swift */,
				C0E5D7C71BDEA52C00A0A814 /* OtherExtensions.swift */,
				C014A4841CA3265600D6312C /* Range+Extensions.swift */,
				C014A4821CA325FC00D6312C /* String+Extensions.swift */,
				C0A258D01C922FC0003287AB /* NSHashTable+Extension.swift */,
			);
			name = "General Extensions";
			sourceTree = "<group>";
		};
		C0E68E691C10C14F005162F7 /* ExpandingKeys */ = {
			isa = PBXGroup;
			children = (
				C08253B51BE572AE0017AC14 /* ExpandingPressureKey.swift */,
				C038B3E91C69310400069F9C /* ExpandingKeyControl.swift */,
				C038B3EB1C69311200069F9C /* ExpandingKeyBase.swift */,
				C0E68E6C1C10C1AF005162F7 /* EKDirection.swift */,
				C0E68E6E1C10C1D5005162F7 /* EPKey.swift */,
			);
			name = ExpandingKeys;
			sourceTree = "<group>";
		};
		C0F350361D73D1A500FDE724 /* AttachmentVCs */ = {
			isa = PBXGroup;
			children = (
				C089D2A11D761EF2009AEF7D /* IALocationPickerVC.swift */,
				C0F350341D73C34900FDE724 /* IAImageViewerVC.swift */,
				C0F350371D73D91000FDE724 /* IAVideoViewerVC.swift */,
			);
			name = AttachmentVCs;
			sourceTree = "<group>";
		};
/* End PBXGroup section */

/* Begin PBXHeadersBuildPhase section */
		C031CBC31BDB094800521393 /* Headers */ = {
			isa = PBXHeadersBuildPhase;
			buildActionMask = 2147483647;
			files = (
				C031CBCA1BDB094800521393 /* IntensityAttributingKit.h in Headers */,
			);
			runOnlyForDeploymentPostprocessing = 0;
		};
/* End PBXHeadersBuildPhase section */

/* Begin PBXNativeTarget section */
		C031CBC51BDB094800521393 /* IntensityAttributingKit */ = {
			isa = PBXNativeTarget;
			buildConfigurationList = C031CBDA1BDB094800521393 /* Build configuration list for PBXNativeTarget "IntensityAttributingKit" */;
			buildPhases = (
				C031CBC11BDB094800521393 /* Sources */,
				C031CBC21BDB094800521393 /* Frameworks */,
				C031CBC31BDB094800521393 /* Headers */,
				C031CBC41BDB094800521393 /* Resources */,
			);
			buildRules = (
			);
			dependencies = (
			);
			name = IntensityAttributingKit;
			productName = IntensityAttributingKit;
			productReference = C031CBC61BDB094800521393 /* IntensityAttributingKit.framework */;
			productType = "com.apple.product-type.framework";
		};
		C031CBCF1BDB094800521393 /* IntensityAttributingKitTests */ = {
			isa = PBXNativeTarget;
			buildConfigurationList = C031CBDD1BDB094800521393 /* Build configuration list for PBXNativeTarget "IntensityAttributingKitTests" */;
			buildPhases = (
				C031CBCC1BDB094800521393 /* Sources */,
				C031CBCD1BDB094800521393 /* Frameworks */,
				C031CBCE1BDB094800521393 /* Resources */,
			);
			buildRules = (
			);
			dependencies = (
				C031CBD31BDB094800521393 /* PBXTargetDependency */,
			);
			name = IntensityAttributingKitTests;
			productName = IntensityAttributingKitTests;
			productReference = C031CBD01BDB094800521393 /* IntensityAttributingKitTests.xctest */;
			productType = "com.apple.product-type.bundle.unit-test";
		};
		C06079F41D5BC2FA0027A72F /* IAKitSampleProject */ = {
			isa = PBXNativeTarget;
			buildConfigurationList = C0607A061D5BC2FA0027A72F /* Build configuration list for PBXNativeTarget "IAKitSampleProject" */;
			buildPhases = (
				C06079F11D5BC2FA0027A72F /* Sources */,
				C06079F21D5BC2FA0027A72F /* Frameworks */,
				C06079F31D5BC2FA0027A72F /* Resources */,
				C0304B1C1D6D0E8F00E5FD73 /* Embed Frameworks */,
			);
			buildRules = (
			);
			dependencies = (
				C0304B1B1D6D0E8F00E5FD73 /* PBXTargetDependency */,
			);
			name = IAKitSampleProject;
			productName = SampleProject;
			productReference = C06079F51D5BC2FA0027A72F /* IAKitSampleProject.app */;
			productType = "com.apple.product-type.application";
		};
/* End PBXNativeTarget section */

/* Begin PBXProject section */
		C031CBBD1BDB094800521393 /* Project object */ = {
			isa = PBXProject;
			attributes = {
				LastSwiftUpdateCheck = 0730;
				LastUpgradeCheck = 0800;
				ORGANIZATIONNAME = McKeeMaKer;
				TargetAttributes = {
					C031CBC51BDB094800521393 = {
						CreatedOnToolsVersion = 7.1;
					};
					C031CBCF1BDB094800521393 = {
						CreatedOnToolsVersion = 7.1;
						LastSwiftMigration = 0820;
					};
					C06079F41D5BC2FA0027A72F = {
						CreatedOnToolsVersion = 7.3.1;
						LastSwiftMigration = 0820;
					};
				};
			};
			buildConfigurationList = C031CBC01BDB094800521393 /* Build configuration list for PBXProject "IntensityAttributingKit" */;
			compatibilityVersion = "Xcode 3.2";
			developmentRegion = English;
			hasScannedForEncodings = 0;
			knownRegions = (
				en,
				Base,
			);
			mainGroup = C031CBBC1BDB094800521393;
			productRefGroup = C031CBC71BDB094800521393 /* Products */;
			projectDirPath = "";
			projectRoot = "";
			targets = (
				C031CBC51BDB094800521393 /* IntensityAttributingKit */,
				C031CBCF1BDB094800521393 /* IntensityAttributingKitTests */,
				C06079F41D5BC2FA0027A72F /* IAKitSampleProject */,
			);
		};
/* End PBXProject section */

/* Begin PBXResourcesBuildPhase section */
		C031CBC41BDB094800521393 /* Resources */ = {
			isa = PBXResourcesBuildPhase;
			buildActionMask = 2147483647;
			files = (
				C0D4474C1BE82381003204E7 /* ImageAssets.xcassets in Resources */,
				C031CBFE1BDD8DA700521393 /* README.md in Resources */,
			);
			runOnlyForDeploymentPostprocessing = 0;
		};
		C031CBCE1BDB094800521393 /* Resources */ = {
			isa = PBXResourcesBuildPhase;
			buildActionMask = 2147483647;
			files = (
			);
			runOnlyForDeploymentPostprocessing = 0;
		};
		C06079F31D5BC2FA0027A72F /* Resources */ = {
			isa = PBXResourcesBuildPhase;
			buildActionMask = 2147483647;
			files = (
				C0607A1B1D5BD70E0027A72F /* Main.storyboard in Resources */,
				C0607A021D5BC2FA0027A72F /* LaunchScreen.storyboard in Resources */,
				C06079FF1D5BC2FA0027A72F /* Assets.xcassets in Resources */,
			);
			runOnlyForDeploymentPostprocessing = 0;
		};
/* End PBXResourcesBuildPhase section */

/* Begin PBXSourcesBuildPhase section */
		C031CBC11BDB094800521393 /* Sources */ = {
			isa = PBXSourcesBuildPhase;
			buildActionMask = 2147483647;
			files = (
				C040C5081C0E4283007C1685 /* IAKitPreferences.swift in Sources */,
				C002E1F21CB334B1008E78A1 /* IATextRange.swift in Sources */,
				C031CC061BDD948700521393 /* IAKeyboard.swift in Sources */,
				C0479E681CC02CA50032A5C6 /* IACompositeTextView+Animations.swift in Sources */,
				C0304B221D6E37E700E5FD73 /* IAAttachmentType.swift in Sources */,
				C08253B61BE572AE0017AC14 /* ExpandingPressureKey.swift in Sources */,
				C04533A21CA481F000B374D0 /* RenderOverrideAdjusterCell.swift in Sources */,
				C054632C1C9C969600652AC0 /* SuggestionBarView.swift in Sources */,
				C01E0F4F1D53E48400C5471B /* TouchInterpreters-Smoothable.swift in Sources */,
				C0E68E6F1C10C1D5005162F7 /* EPKey.swift in Sources */,
				C0AE06191C6E75750096F042 /* IAStringTokenizing.swift in Sources */,
				C01FFFAC1CC6B1C400AFD366 /* IACTE+IAKeyboardPresenting.swift in Sources */,
				C080B5491C9895D700DEC424 /* LinearRIMAdjustmentCell.swift in Sources */,
				C00E94791C5BF94000551D39 /* AttachmentArray.swift in Sources */,
				C0E669B21D82478D005A9EF3 /* IAPlacemark.swift in Sources */,
				C0F350381D73D91000FDE724 /* IAVideoViewerVC.swift in Sources */,
				C080B5401C98842F00DEC424 /* LabeledSliderView.swift in Sources */,
				C089D2A21D761EF2009AEF7D /* IALocationPickerVC.swift in Sources */,
				C03B97871E9420D8005127A5 /* EmbeddableStackView.swift in Sources */,
				C0F350351D73C34900FDE724 /* IAImageViewerVC.swift in Sources */,
				C045339E1CA4794600B374D0 /* LabeledStepperAdjusterCell.swift in Sources */,
				C0AE06141C6E64490096F042 /* PressureKey.swift in Sources */,
				C0479E641CBED6D10032A5C6 /* ThinTextView.swift in Sources */,
				C089D2A01D761E6D009AEF7D /* IALocationManagerDelegateShim.swift in Sources */,
				C06B1D531BEE8C4F009F427A /* PressureKeyProtocols.swift in Sources */,
				C070DFF01CA0A46B00840CBE /* ToggleCell.swift in Sources */,
				C06BC1FC1CD9272100196F8B /* IACTE+GestureRecognizers.swift in Sources */,
				C031CBEA1BDB097600521393 /* IntensityTransformingProtocol.swift in Sources */,
				C01839F61C615FDE0009316E /* IAStringEditing.swift in Sources */,
				C054D99E1C3DAB9100D852DE /* IATextAttachment.swift in Sources */,
				C08253B11BE571910017AC14 /* LockingKey.swift in Sources */,
				C0E5D7C51BDEA4E400A0A814 /* UIImage+Extension.swift in Sources */,
				C080B54B1C9895F000DEC424 /* LogAxRIMAdjustmentCell.swift in Sources */,
				C080B5451C98933900DEC424 /* DurationTIAdjustmentCell.swift in Sources */,
				C0870FC41CAF10B30071A5F1 /* IAStringOptions.swift in Sources */,
				C01BDAA21C57F170004CF045 /* IABaseAttributes.swift in Sources */,
				C0F42CFB1C5FE13700FA7BB0 /* IATEPhotoPicking.swift in Sources */,
				C080B53A1C974F0500DEC424 /* AccelerationHistory.swift in Sources */,
				C06B1D501BEE8B61009F427A /* Keysets.swift in Sources */,
				C031CBEB1BDB097600521393 /* Globals+Operators.swift in Sources */,
				C08EE1051CB846600030FC3E /* IAKeyboardDelegateProtocol.swift in Sources */,
				C0F350311D713E9300FDE724 /* IAVideoAttachment.swift in Sources */,
				C06B1D591BF15AD9009F427A /* WeightIntensityScheme.swift in Sources */,
				C095747E1C5822E300724F02 /* IAString.swift in Sources */,
				C01E0F511D53E50800C5471B /* IATouchInterpreter.swift in Sources */,
				C04533AB1CA5CD6500B374D0 /* AlphaIntensityScheme.swift in Sources */,
				C069B2BA1C627DB1008834D3 /* IAStringArchive.swift in Sources */,
				C09574821C59442300724F02 /* IAStringConversion.swift in Sources */,
				C0A258D11C922FC0003287AB /* NSHashTable+Extension.swift in Sources */,
				C070DFF21CA0A62100840CBE /* SpellCheckToggleCell.swift in Sources */,
				C01E0F481D4BD5FB00C5471B /* IAKitVisualPreferences.swift in Sources */,
				C084E9111CDE56E7009D387D /* IAMagnifyingLoup.swift in Sources */,
				C014A4851CA3265600D6312C /* Range+Extensions.swift in Sources */,
				C0304B201D6E368900E5FD73 /* IAPlaceholder.swift in Sources */,
				C0A258CF1C9200EC003287AB /* TouchInterpreters-DurationBased.swift in Sources */,
				C031CBE91BDB097600521393 /* IntensityTransformers.swift in Sources */,
				C01FFFA61CC6A97400AFD366 /* IACompositeBase.swift in Sources */,
				C0479E661CC01E130032A5C6 /* IASelectionView.swift in Sources */,
				C080B5471C98949A00DEC424 /* ForceTIAdjustmentCell.swift in Sources */,
				C06B1D5B1BF15C18009F427A /* HueGYRIntensityScheme.swift in Sources */,
				C014A4831CA325FC00D6312C /* String+Extensions.swift in Sources */,
				C09574801C58259C00724F02 /* IAStringKeys.swift in Sources */,
				C06B1D271BEC5FCC009F427A /* KeysetComponents.swift in Sources */,
				C080B53E1C97997800DEC424 /* RawIntensityAdjustmentCellBase.swift in Sources */,
				C01FFFA41CC6A7E900AFD366 /* IACompositeTextEditor.swift in Sources */,
				C0095D921C65328A00D37A75 /* IAAccessoryInterface.swift in Sources */,
				C01FFFAE1CC6B38900AFD366 /* IACTE+UITextInput.swift in Sources */,
				C01839F41C614B270009316E /* IAStringPrinting.swift in Sources */,
				C080B54F1C99EAB900DEC424 /* ModalContainerViewController.swift in Sources */,
				C0E5D7C81BDEA52C00A0A814 /* OtherExtensions.swift in Sources */,
				C038B3EC1C69311200069F9C /* ExpandingKeyBase.swift in Sources */,
				C0F3502F1D70CE1F00FDE724 /* IAImageAttachment.swift in Sources */,
				C0D4474A1BE6BC16003204E7 /* RawIntensity.swift in Sources */,
				C06B1D4E1BED2DCC009F427A /* PressureView.swift in Sources */,
				C0E5D7C31BDEA47E00A0A814 /* IAAccessoryVC.swift in Sources */,
				C01BDA9D1C571926004CF045 /* CollapsingArray.swift in Sources */,
				C08EE1031CB845AB0030FC3E /* IAAccessoryDelegateProtocol.swift in Sources */,
				C080B5421C988BD600DEC424 /* ImpactDurationTIAdjustmentCell.swift in Sources */,
				C06B1D5D1BF15CDC009F427A /* FontSizeIntensityScheme.swift in Sources */,
				C06B1D561BEE9C40009F427A /* RawIntensityMapping.swift in Sources */,
				C080B54D1C989DB300DEC424 /* IAKitSettingsTableViewController.swift in Sources */,
				C08B42FF1CD282F7002F2840 /* IATextSelectionRect.swift in Sources */,
				C01E0F4D1D53D47C00C5471B /* IATextContainer.swift in Sources */,
				C0CCA1241CEBA9340042CCF7 /* KeyboardLayoutView.swift in Sources */,
				C038B3EA1C69310400069F9C /* ExpandingKeyControl.swift in Sources */,
				C0E68E6D1C10C1AF005162F7 /* EKDirection.swift in Sources */,
				C04533A01CA47BB200B374D0 /* SmootherOverrideAdjusterCell.swift in Sources */,
				C01BDAA01C571954004CF045 /* RangeValuePair.swift in Sources */,
				C0326E231CF27C2700E6161F /* IAImageLayerView.swift in Sources */,
				C0304B1E1D6E29D100E5FD73 /* IAThumbSize.swift in Sources */,
				C04533B21CAAF2FC00B374D0 /* IACompositeTextView.swift in Sources */,
				C0F350331D713EAE00FDE724 /* IALocationAttachment.swift in Sources */,
			);
			runOnlyForDeploymentPostprocessing = 0;
		};
		C031CBCC1BDB094800521393 /* Sources */ = {
			isa = PBXSourcesBuildPhase;
			buildActionMask = 2147483647;
			files = (
				C031CBD61BDB094800521393 /* IntensityAttributingKitTests.swift in Sources */,
				C031CBEE1BDB09FD00521393 /* IAStringDemoTests.swift in Sources */,
			);
			runOnlyForDeploymentPostprocessing = 0;
		};
		C06079F11D5BC2FA0027A72F /* Sources */ = {
			isa = PBXSourcesBuildPhase;
			buildActionMask = 2147483647;
			files = (
				C0607A0F1D5BC4B30027A72F /* MessageThreadTableVC.swift in Sources */,
				C0607A111D5BC4B30027A72F /* ComposerBar.swift in Sources */,
				C0607A101D5BC4B30027A72F /* MessageThreadViewController.swift in Sources */,
				C06079FA1D5BC2FA0027A72F /* ViewController.swift in Sources */,
				C0607A171D5BC8B80027A72F /* Extensions.swift in Sources */,
				C0607A131D5BC5CC0027A72F /* Message.swift in Sources */,
				C06079F81D5BC2FA0027A72F /* AppDelegate.swift in Sources */,
				C0607A0D1D5BC4B30027A72F /* MessageCell.swift in Sources */,
				C0607A151D5BC8320027A72F /* DateConversion.swift in Sources */,
			);
			runOnlyForDeploymentPostprocessing = 0;
		};
/* End PBXSourcesBuildPhase section */

/* Begin PBXTargetDependency section */
		C0304B1B1D6D0E8F00E5FD73 /* PBXTargetDependency */ = {
			isa = PBXTargetDependency;
			target = C031CBC51BDB094800521393 /* IntensityAttributingKit */;
			targetProxy = C0304B1A1D6D0E8F00E5FD73 /* PBXContainerItemProxy */;
		};
		C031CBD31BDB094800521393 /* PBXTargetDependency */ = {
			isa = PBXTargetDependency;
			target = C031CBC51BDB094800521393 /* IntensityAttributingKit */;
			targetProxy = C031CBD21BDB094800521393 /* PBXContainerItemProxy */;
		};
/* End PBXTargetDependency section */

/* Begin PBXVariantGroup section */
		C0607A001D5BC2FA0027A72F /* LaunchScreen.storyboard */ = {
			isa = PBXVariantGroup;
			children = (
				C0607A011D5BC2FA0027A72F /* Base */,
			);
			name = LaunchScreen.storyboard;
			sourceTree = "<group>";
		};
		C0607A191D5BD70E0027A72F /* Main.storyboard */ = {
			isa = PBXVariantGroup;
			children = (
				C0607A1A1D5BD70E0027A72F /* Base */,
			);
			name = Main.storyboard;
			path = ..;
			sourceTree = "<group>";
		};
/* End PBXVariantGroup section */

/* Begin XCBuildConfiguration section */
		C031CBD81BDB094800521393 /* Debug */ = {
			isa = XCBuildConfiguration;
			buildSettings = {
				ALWAYS_SEARCH_USER_PATHS = NO;
				CLANG_CXX_LANGUAGE_STANDARD = "gnu++0x";
				CLANG_CXX_LIBRARY = "libc++";
				CLANG_ENABLE_MODULES = YES;
				CLANG_ENABLE_OBJC_ARC = YES;
				CLANG_WARN_BOOL_CONVERSION = YES;
				CLANG_WARN_CONSTANT_CONVERSION = YES;
				CLANG_WARN_DIRECT_OBJC_ISA_USAGE = YES_ERROR;
				CLANG_WARN_EMPTY_BODY = YES;
				CLANG_WARN_ENUM_CONVERSION = YES;
				CLANG_WARN_INFINITE_RECURSION = YES;
				CLANG_WARN_INT_CONVERSION = YES;
				CLANG_WARN_OBJC_ROOT_CLASS = YES_ERROR;
				CLANG_WARN_SUSPICIOUS_MOVE = YES;
				CLANG_WARN_UNREACHABLE_CODE = YES;
				CLANG_WARN__DUPLICATE_METHOD_MATCH = YES;
				"CODE_SIGN_IDENTITY[sdk=iphoneos*]" = "iPhone Developer";
				COPY_PHASE_STRIP = NO;
				CURRENT_PROJECT_VERSION = 1;
				DEBUG_INFORMATION_FORMAT = dwarf;
				ENABLE_STRICT_OBJC_MSGSEND = YES;
				ENABLE_TESTABILITY = YES;
				GCC_C_LANGUAGE_STANDARD = gnu99;
				GCC_DYNAMIC_NO_PIC = NO;
				GCC_NO_COMMON_BLOCKS = YES;
				GCC_OPTIMIZATION_LEVEL = 0;
				GCC_PREPROCESSOR_DEFINITIONS = (
					"DEBUG=1",
					"$(inherited)",
				);
				GCC_WARN_64_TO_32_BIT_CONVERSION = YES;
				GCC_WARN_ABOUT_RETURN_TYPE = YES_ERROR;
				GCC_WARN_UNDECLARED_SELECTOR = YES;
				GCC_WARN_UNINITIALIZED_AUTOS = YES_AGGRESSIVE;
				GCC_WARN_UNUSED_FUNCTION = YES;
				GCC_WARN_UNUSED_VARIABLE = YES;
				IPHONEOS_DEPLOYMENT_TARGET = 10.0;
				MTL_ENABLE_DEBUG_INFO = YES;
				ONLY_ACTIVE_ARCH = YES;
				SDKROOT = iphoneos;
				SWIFT_OPTIMIZATION_LEVEL = "-Onone";
				TARGETED_DEVICE_FAMILY = "1,2";
				VERSIONING_SYSTEM = "apple-generic";
				VERSION_INFO_PREFIX = "";
			};
			name = Debug;
		};
		C031CBD91BDB094800521393 /* Release */ = {
			isa = XCBuildConfiguration;
			buildSettings = {
				ALWAYS_SEARCH_USER_PATHS = NO;
				CLANG_CXX_LANGUAGE_STANDARD = "gnu++0x";
				CLANG_CXX_LIBRARY = "libc++";
				CLANG_ENABLE_MODULES = YES;
				CLANG_ENABLE_OBJC_ARC = YES;
				CLANG_WARN_BOOL_CONVERSION = YES;
				CLANG_WARN_CONSTANT_CONVERSION = YES;
				CLANG_WARN_DIRECT_OBJC_ISA_USAGE = YES_ERROR;
				CLANG_WARN_EMPTY_BODY = YES;
				CLANG_WARN_ENUM_CONVERSION = YES;
				CLANG_WARN_INFINITE_RECURSION = YES;
				CLANG_WARN_INT_CONVERSION = YES;
				CLANG_WARN_OBJC_ROOT_CLASS = YES_ERROR;
				CLANG_WARN_SUSPICIOUS_MOVE = YES;
				CLANG_WARN_UNREACHABLE_CODE = YES;
				CLANG_WARN__DUPLICATE_METHOD_MATCH = YES;
				"CODE_SIGN_IDENTITY[sdk=iphoneos*]" = "iPhone Developer";
				COPY_PHASE_STRIP = NO;
				CURRENT_PROJECT_VERSION = 1;
				DEBUG_INFORMATION_FORMAT = "dwarf-with-dsym";
				ENABLE_NS_ASSERTIONS = NO;
				ENABLE_STRICT_OBJC_MSGSEND = YES;
				GCC_C_LANGUAGE_STANDARD = gnu99;
				GCC_NO_COMMON_BLOCKS = YES;
				GCC_WARN_64_TO_32_BIT_CONVERSION = YES;
				GCC_WARN_ABOUT_RETURN_TYPE = YES_ERROR;
				GCC_WARN_UNDECLARED_SELECTOR = YES;
				GCC_WARN_UNINITIALIZED_AUTOS = YES_AGGRESSIVE;
				GCC_WARN_UNUSED_FUNCTION = YES;
				GCC_WARN_UNUSED_VARIABLE = YES;
				IPHONEOS_DEPLOYMENT_TARGET = 10.0;
				MTL_ENABLE_DEBUG_INFO = NO;
				SDKROOT = iphoneos;
				SWIFT_OPTIMIZATION_LEVEL = "-Owholemodule";
				TARGETED_DEVICE_FAMILY = "1,2";
				VALIDATE_PRODUCT = YES;
				VERSIONING_SYSTEM = "apple-generic";
				VERSION_INFO_PREFIX = "";
			};
			name = Release;
		};
		C031CBDB1BDB094800521393 /* Debug */ = {
			isa = XCBuildConfiguration;
			buildSettings = {
				CLANG_ENABLE_MODULES = YES;
				CODE_SIGN_IDENTITY = "iPhone Developer";
				"CODE_SIGN_IDENTITY[sdk=iphoneos*]" = "";
				DEFINES_MODULE = YES;
				DYLIB_COMPATIBILITY_VERSION = 1;
				DYLIB_CURRENT_VERSION = 1;
				DYLIB_INSTALL_NAME_BASE = "@rpath";
				INFOPLIST_FILE = IntensityAttributingKit/Info.plist;
				INSTALL_PATH = "$(LOCAL_LIBRARY_DIR)/Frameworks";
				LD_RUNPATH_SEARCH_PATHS = "$(inherited) @executable_path/Frameworks @loader_path/Frameworks";
				PRODUCT_BUNDLE_IDENTIFIER = com.McKeeMaKer.IntensityAttributingKit;
				PRODUCT_NAME = "$(TARGET_NAME)";
				SKIP_INSTALL = YES;
				SWIFT_OPTIMIZATION_LEVEL = "-Onone";
				SWIFT_VERSION = 3.0;
			};
			name = Debug;
		};
		C031CBDC1BDB094800521393 /* Release */ = {
			isa = XCBuildConfiguration;
			buildSettings = {
				CLANG_ENABLE_MODULES = YES;
				CODE_SIGN_IDENTITY = "iPhone Developer";
				"CODE_SIGN_IDENTITY[sdk=iphoneos*]" = "";
				DEFINES_MODULE = YES;
				DYLIB_COMPATIBILITY_VERSION = 1;
				DYLIB_CURRENT_VERSION = 1;
				DYLIB_INSTALL_NAME_BASE = "@rpath";
				INFOPLIST_FILE = IntensityAttributingKit/Info.plist;
				INSTALL_PATH = "$(LOCAL_LIBRARY_DIR)/Frameworks";
				LD_RUNPATH_SEARCH_PATHS = "$(inherited) @executable_path/Frameworks @loader_path/Frameworks";
				PRODUCT_BUNDLE_IDENTIFIER = com.McKeeMaKer.IntensityAttributingKit;
				PRODUCT_NAME = "$(TARGET_NAME)";
				SKIP_INSTALL = YES;
				SWIFT_OPTIMIZATION_LEVEL = "-Owholemodule";
				SWIFT_VERSION = 3.0;
			};
			name = Release;
		};
		C031CBDE1BDB094800521393 /* Debug */ = {
			isa = XCBuildConfiguration;
			buildSettings = {
				INFOPLIST_FILE = IntensityAttributingKitTests/Info.plist;
				LD_RUNPATH_SEARCH_PATHS = "$(inherited) @executable_path/Frameworks @loader_path/Frameworks";
				PRODUCT_BUNDLE_IDENTIFIER = com.McKeeMaKer.IntensityAttributingKitTests;
				PRODUCT_NAME = "$(TARGET_NAME)";
				SWIFT_VERSION = 3.0;
			};
			name = Debug;
		};
		C031CBDF1BDB094800521393 /* Release */ = {
			isa = XCBuildConfiguration;
			buildSettings = {
				INFOPLIST_FILE = IntensityAttributingKitTests/Info.plist;
				LD_RUNPATH_SEARCH_PATHS = "$(inherited) @executable_path/Frameworks @loader_path/Frameworks";
				PRODUCT_BUNDLE_IDENTIFIER = com.McKeeMaKer.IntensityAttributingKitTests;
				PRODUCT_NAME = "$(TARGET_NAME)";
				SWIFT_VERSION = 3.0;
			};
			name = Release;
		};
		C0607A041D5BC2FA0027A72F /* Debug */ = {
			isa = XCBuildConfiguration;
			buildSettings = {
				ALWAYS_EMBED_SWIFT_STANDARD_LIBRARIES = YES;
				ASSETCATALOG_COMPILER_APPICON_NAME = AppIcon;
				CLANG_ANALYZER_NONNULL = YES;
				CODE_SIGN_IDENTITY = "iPhone Developer";
				EMBEDDED_CONTENT_CONTAINS_SWIFT = YES;
				INFOPLIST_FILE = SampleProject/Info.plist;
				LD_RUNPATH_SEARCH_PATHS = "$(inherited) @executable_path/Frameworks";
				PRODUCT_BUNDLE_IDENTIFIER = com.McKeeMaKer.IAKitSampleProject;
				PRODUCT_NAME = "$(TARGET_NAME)";
				SWIFT_VERSION = 3.0;
				TARGETED_DEVICE_FAMILY = 1;
			};
			name = Debug;
		};
		C0607A051D5BC2FA0027A72F /* Release */ = {
			isa = XCBuildConfiguration;
			buildSettings = {
				ALWAYS_EMBED_SWIFT_STANDARD_LIBRARIES = YES;
				ASSETCATALOG_COMPILER_APPICON_NAME = AppIcon;
				CLANG_ANALYZER_NONNULL = YES;
				CODE_SIGN_IDENTITY = "iPhone Developer";
				EMBEDDED_CONTENT_CONTAINS_SWIFT = YES;
				INFOPLIST_FILE = SampleProject/Info.plist;
				LD_RUNPATH_SEARCH_PATHS = "$(inherited) @executable_path/Frameworks";
				PRODUCT_BUNDLE_IDENTIFIER = com.McKeeMaKer.IAKitSampleProject;
				PRODUCT_NAME = "$(TARGET_NAME)";
				SWIFT_VERSION = 3.0;
				TARGETED_DEVICE_FAMILY = 1;
			};
			name = Release;
		};
/* End XCBuildConfiguration section */

/* Begin XCConfigurationList section */
		C031CBC01BDB094800521393 /* Build configuration list for PBXProject "IntensityAttributingKit" */ = {
			isa = XCConfigurationList;
			buildConfigurations = (
				C031CBD81BDB094800521393 /* Debug */,
				C031CBD91BDB094800521393 /* Release */,
			);
			defaultConfigurationIsVisible = 0;
			defaultConfigurationName = Release;
		};
		C031CBDA1BDB094800521393 /* Build configuration list for PBXNativeTarget "IntensityAttributingKit" */ = {
			isa = XCConfigurationList;
			buildConfigurations = (
				C031CBDB1BDB094800521393 /* Debug */,
				C031CBDC1BDB094800521393 /* Release */,
			);
			defaultConfigurationIsVisible = 0;
			defaultConfigurationName = Release;
		};
		C031CBDD1BDB094800521393 /* Build configuration list for PBXNativeTarget "IntensityAttributingKitTests" */ = {
			isa = XCConfigurationList;
			buildConfigurations = (
				C031CBDE1BDB094800521393 /* Debug */,
				C031CBDF1BDB094800521393 /* Release */,
			);
			defaultConfigurationIsVisible = 0;
			defaultConfigurationName = Release;
		};
		C0607A061D5BC2FA0027A72F /* Build configuration list for PBXNativeTarget "IAKitSampleProject" */ = {
			isa = XCConfigurationList;
			buildConfigurations = (
				C0607A041D5BC2FA0027A72F /* Debug */,
				C0607A051D5BC2FA0027A72F /* Release */,
			);
			defaultConfigurationIsVisible = 0;
			defaultConfigurationName = Release;
		};
/* End XCConfigurationList section */
	};
	rootObject = C031CBBD1BDB094800521393 /* Project object */;
}
